// !$*UTF8*$!
{
	archiveVersion = 1;
	classes = {
	};
	objectVersion = 56;
	objects = {

/* Begin PBXBuildFile section */
		DE1A75AF2B7B65B900912224 /* MatchedGeometryEffectShowcaseApp.swift in Sources */ = {isa = PBXBuildFile; fileRef = DE1A75AE2B7B65B900912224 /* MatchedGeometryEffectShowcaseApp.swift */; };
		DE1A75B12B7B65B900912224 /* ContentView.swift in Sources */ = {isa = PBXBuildFile; fileRef = DE1A75B02B7B65B900912224 /* ContentView.swift */; };
		DE1A75B32B7B65BA00912224 /* Assets.xcassets in Resources */ = {isa = PBXBuildFile; fileRef = DE1A75B22B7B65BA00912224 /* Assets.xcassets */; };
		DE1A75B62B7B65BA00912224 /* Preview Assets.xcassets in Resources */ = {isa = PBXBuildFile; fileRef = DE1A75B52B7B65BA00912224 /* Preview Assets.xcassets */; };
		DE1A75FA2B90C66A00912224 /* AppDelegate.swift in Sources */ = {isa = PBXBuildFile; fileRef = DE1A75F92B90C66A00912224 /* AppDelegate.swift */; };
		DEAAF0092F24B00100000001 /* Entity in Frameworks */ = {isa = PBXBuildFile; productRef = DEAAF0022F24B00100000002 /* Entity */; };
		DEAAF00A2F24B00100000002 /* AppExtension in Frameworks */ = {isa = PBXBuildFile; productRef = DEAAF0032F24B00100000003 /* AppExtension */; };
		DEAAF00B2F24B00100000003 /* Infrastructure in Frameworks */ = {isa = PBXBuildFile; productRef = DEAAF0042F24B00100000004 /* Infrastructure */; };
		DEAAF00C2F24B00100000004 /* Common in Frameworks */ = {isa = PBXBuildFile; productRef = DEAAF0052F24B00100000005 /* Common */; };
		DEAAF00D2F24B00100000005 /* Components in Frameworks */ = {isa = PBXBuildFile; productRef = DEAAF0062F24B00100000006 /* Components */; };
		DEAAF00E2F24B00100000006 /* ViewStateProvider in Frameworks */ = {isa = PBXBuildFile; productRef = DEAAF0072F24B00100000007 /* ViewStateProvider */; };
		DEAAF00F2F24B00100000007 /* Screen in Frameworks */ = {isa = PBXBuildFile; productRef = DEAAF0082F24B00100000008 /* Screen */; };
/* End PBXBuildFile section */

/* Begin PBXContainerItemProxy section */
		DE61C9402C203C3F0058FEEF /* PBXContainerItemProxy */ = {
			isa = PBXContainerItemProxy;
			containerPortal = DE1A75A32B7B65B900912224 /* Project object */;
			proxyType = 1;
			remoteGlobalIDString = DE1A75AA2B7B65B900912224;
			remoteInfo = MatchedGeometryEffectShowcase;
		};
/* End PBXContainerItemProxy section */

/* Begin PBXFileReference section */
		DE1A75AB2B7B65B900912224 /* MatchedGeometryEffectShowcase.app */ = {isa = PBXFileReference; explicitFileType = wrapper.application; includeInIndex = 0; path = MatchedGeometryEffectShowcase.app; sourceTree = BUILT_PRODUCTS_DIR; };
		DE1A75AE2B7B65B900912224 /* MatchedGeometryEffectShowcaseApp.swift */ = {isa = PBXFileReference; lastKnownFileType = sourcecode.swift; path = MatchedGeometryEffectShowcaseApp.swift; sourceTree = "<group>"; };
		DE1A75B02B7B65B900912224 /* ContentView.swift */ = {isa = PBXFileReference; lastKnownFileType = sourcecode.swift; path = ContentView.swift; sourceTree = "<group>"; };
		DE1A75B22B7B65BA00912224 /* Assets.xcassets */ = {isa = PBXFileReference; lastKnownFileType = folder.assetcatalog; path = Assets.xcassets; sourceTree = "<group>"; };
		DE1A75B52B7B65BA00912224 /* Preview Assets.xcassets */ = {isa = PBXFileReference; lastKnownFileType = folder.assetcatalog; path = "Preview Assets.xcassets"; sourceTree = "<group>"; };
		DE1A75F92B90C66A00912224 /* AppDelegate.swift */ = {isa = PBXFileReference; lastKnownFileType = sourcecode.swift; path = AppDelegate.swift; sourceTree = "<group>"; };
		DE61C93C2C203C3F0058FEEF /* MatchedGeometryEffectShowcaseTests.xctest */ = {isa = PBXFileReference; explicitFileType = wrapper.cfbundle; includeInIndex = 0; path = MatchedGeometryEffectShowcaseTests.xctest; sourceTree = BUILT_PRODUCTS_DIR; };
/* End PBXFileReference section */

/* Begin PBXFrameworksBuildPhase section */
		DE1A75A82B7B65B900912224 /* Frameworks */ = {
			isa = PBXFrameworksBuildPhase;
			buildActionMask = 2147483647;
			files = (
				DEAAF0092F24B00100000001 /* Entity in Frameworks */,
				DEAAF00A2F24B00100000002 /* AppExtension in Frameworks */,
				DEAAF00B2F24B00100000003 /* Infrastructure in Frameworks */,
				DEAAF00C2F24B00100000004 /* Common in Frameworks */,
				DEAAF00D2F24B00100000005 /* Components in Frameworks */,
				DEAAF00E2F24B00100000006 /* ViewStateProvider in Frameworks */,
				DEAAF00F2F24B00100000007 /* Screen in Frameworks */,
			);
			runOnlyForDeploymentPostprocessing = 0;
		};
		DE61C9392C203C3F0058FEEF /* Frameworks */ = {
			isa = PBXFrameworksBuildPhase;
			buildActionMask = 2147483647;
			files = (
			);
			runOnlyForDeploymentPostprocessing = 0;
		};
/* End PBXFrameworksBuildPhase section */

/* Begin PBXGroup section */
		DE1A75A22B7B65B900912224 = {
			isa = PBXGroup;
			children = (
				DE1A75AD2B7B65B900912224 /* MatchedGeometryEffectShowcase */,
				DE61C93D2C203C3F0058FEEF /* MatchedGeometryEffectShowcaseTests */,
				DE1A75AC2B7B65B900912224 /* Products */,
				DE61C9462C2140150058FEEF /* Frameworks */,
			);
			sourceTree = "<group>";
		};
		DE1A75AC2B7B65B900912224 /* Products */ = {
			isa = PBXGroup;
			children = (
				DE1A75AB2B7B65B900912224 /* MatchedGeometryEffectShowcase.app */,
				DE61C93C2C203C3F0058FEEF /* MatchedGeometryEffectShowcaseTests.xctest */,
			);
			name = Products;
			sourceTree = "<group>";
		};
		DE1A75AD2B7B65B900912224 /* MatchedGeometryEffectShowcase */ = {
			isa = PBXGroup;
			children = (
				DE1A75F92B90C66A00912224 /* AppDelegate.swift */,
				DE1A75AE2B7B65B900912224 /* MatchedGeometryEffectShowcaseApp.swift */,
				DE1A75B22B7B65BA00912224 /* Assets.xcassets */,
				DE1A75BC2B7E27D900912224 /* Application */,
				DE1A75B42B7B65BA00912224 /* Preview Content */,
			);
			path = MatchedGeometryEffectShowcase;
			sourceTree = "<group>";
		};
		DE1A75B42B7B65BA00912224 /* Preview Content */ = {
			isa = PBXGroup;
			children = (
				DE1A75B52B7B65BA00912224 /* Preview Assets.xcassets */,
			);
			path = "Preview Content";
			sourceTree = "<group>";
		};
		DE1A75BC2B7E27D900912224 /* Application */ = {
			isa = PBXGroup;
			children = (
				DE1A75B02B7B65B900912224 /* ContentView.swift */,
			);
			path = Application;
			sourceTree = "<group>";
		};
		DE61C93D2C203C3F0058FEEF /* MatchedGeometryEffectShowcaseTests */ = {
			isa = PBXGroup;
			children = (
			);
			path = MatchedGeometryEffectShowcaseTests;
			sourceTree = "<group>";
		};
		DE61C9462C2140150058FEEF /* Frameworks */ = {
			isa = PBXGroup;
			children = (
			);
			name = Frameworks;
			sourceTree = "<group>";
		};
/* End PBXGroup section */

/* Begin PBXNativeTarget section */
		DE1A75AA2B7B65B900912224 /* MatchedGeometryEffectShowcase */ = {
			isa = PBXNativeTarget;
			buildConfigurationList = DE1A75B92B7B65BA00912224 /* Build configuration list for PBXNativeTarget "MatchedGeometryEffectShowcase" */;
			buildPhases = (
				DE1A75A72B7B65B900912224 /* Sources */,
				DE1A75A82B7B65B900912224 /* Frameworks */,
				DE1A75A92B7B65B900912224 /* Resources */,
			);
			buildRules = (
			);
			dependencies = (
			);
			name = MatchedGeometryEffectShowcase;
			packageProductDependencies = (
				DEAAF0022F24B00100000002 /* Entity */,
				DEAAF0032F24B00100000003 /* AppExtension */,
				DEAAF0042F24B00100000004 /* Infrastructure */,
				DEAAF0052F24B00100000005 /* Common */,
				DEAAF0062F24B00100000006 /* Components */,
				DEAAF0072F24B00100000007 /* ViewStateProvider */,
				DEAAF0082F24B00100000008 /* Screen */,
			);
			productName = MatchedGeometryEffectShowcase;
			productReference = DE1A75AB2B7B65B900912224 /* MatchedGeometryEffectShowcase.app */;
			productType = "com.apple.product-type.application";
		};
		DE61C93B2C203C3F0058FEEF /* MatchedGeometryEffectShowcaseTests */ = {
			isa = PBXNativeTarget;
			buildConfigurationList = DE61C9422C203C3F0058FEEF /* Build configuration list for PBXNativeTarget "MatchedGeometryEffectShowcaseTests" */;
			buildPhases = (
				DE61C9382C203C3F0058FEEF /* Sources */,
				DE61C9392C203C3F0058FEEF /* Frameworks */,
				DE61C93A2C203C3F0058FEEF /* Resources */,
			);
			buildRules = (
			);
			dependencies = (
				DE61C9412C203C3F0058FEEF /* PBXTargetDependency */,
			);
			name = MatchedGeometryEffectShowcaseTests;
			packageProductDependencies = (
			);
			productName = MatchedGeometryEffectShowcaseTests;
			productReference = DE61C93C2C203C3F0058FEEF /* MatchedGeometryEffectShowcaseTests.xctest */;
			productType = "com.apple.product-type.bundle.unit-test";
		};
/* End PBXNativeTarget section */

/* Begin PBXProject section */
		DE1A75A32B7B65B900912224 /* Project object */ = {
			isa = PBXProject;
			attributes = {
				BuildIndependentTargetsInParallel = 1;
				LastSwiftUpdateCheck = 1540;
				LastUpgradeCheck = 1520;
				TargetAttributes = {
					DE1A75AA2B7B65B900912224 = {
						CreatedOnToolsVersion = 15.2;
					};
					DE61C93B2C203C3F0058FEEF = {
						CreatedOnToolsVersion = 15.4;
						TestTargetID = DE1A75AA2B7B65B900912224;
					};
				};
			};
			buildConfigurationList = DE1A75A62B7B65B900912224 /* Build configuration list for PBXProject "MatchedGeometryEffectShowcase" */;
			compatibilityVersion = "Xcode 14.0";
			developmentRegion = en;
			hasScannedForEncodings = 0;
			knownRegions = (
				en,
				Base,
			);
			mainGroup = DE1A75A22B7B65B900912224;
			packageReferences = (
				DEAAF0012F24B00100000001 /* XCLocalSwiftPackageReference "Packages/AppFeature" */,
			);
			productRefGroup = DE1A75AC2B7B65B900912224 /* Products */;
			projectDirPath = "";
			projectRoot = "";
			targets = (
				DE1A75AA2B7B65B900912224 /* MatchedGeometryEffectShowcase */,
				DE61C93B2C203C3F0058FEEF /* MatchedGeometryEffectShowcaseTests */,
			);
		};
/* End PBXProject section */

/* Begin PBXResourcesBuildPhase section */
		DE1A75A92B7B65B900912224 /* Resources */ = {
			isa = PBXResourcesBuildPhase;
			buildActionMask = 2147483647;
			files = (
				DE1A75B62B7B65BA00912224 /* Preview Assets.xcassets in Resources */,
				DE1A75B32B7B65BA00912224 /* Assets.xcassets in Resources */,
			);
			runOnlyForDeploymentPostprocessing = 0;
		};
		DE61C93A2C203C3F0058FEEF /* Resources */ = {
			isa = PBXResourcesBuildPhase;
			buildActionMask = 2147483647;
			files = (
			);
			runOnlyForDeploymentPostprocessing = 0;
		};
/* End PBXResourcesBuildPhase section */

/* Begin PBXSourcesBuildPhase section */
		DE1A75A72B7B65B900912224 /* Sources */ = {
			isa = PBXSourcesBuildPhase;
			buildActionMask = 2147483647;
			files = (
				DE1A75FA2B90C66A00912224 /* AppDelegate.swift in Sources */,
				DE1A75B12B7B65B900912224 /* ContentView.swift in Sources */,
				DE1A75AF2B7B65B900912224 /* MatchedGeometryEffectShowcaseApp.swift in Sources */,
			);
			runOnlyForDeploymentPostprocessing = 0;
		};
		DE61C9382C203C3F0058FEEF /* Sources */ = {
			isa = PBXSourcesBuildPhase;
			buildActionMask = 2147483647;
			files = (
			);
			runOnlyForDeploymentPostprocessing = 0;
		};
/* End PBXSourcesBuildPhase section */

/* Begin PBXTargetDependency section */
		DE61C9412C203C3F0058FEEF /* PBXTargetDependency */ = {
			isa = PBXTargetDependency;
			target = DE1A75AA2B7B65B900912224 /* MatchedGeometryEffectShowcase */;
			targetProxy = DE61C9402C203C3F0058FEEF /* PBXContainerItemProxy */;
		};
/* End PBXTargetDependency section */

/* Begin XCBuildConfiguration section */
		DE1A75B72B7B65BA00912224 /* Debug */ = {
			isa = XCBuildConfiguration;
			buildSettings = {
				ALWAYS_SEARCH_USER_PATHS = NO;
				ASSETCATALOG_COMPILER_GENERATE_SWIFT_ASSET_SYMBOL_EXTENSIONS = YES;
				CLANG_ANALYZER_NONNULL = YES;
				CLANG_ANALYZER_NUMBER_OBJECT_CONVERSION = YES_AGGRESSIVE;
				CLANG_CXX_LANGUAGE_STANDARD = "gnu++20";
				CLANG_ENABLE_MODULES = YES;
				CLANG_ENABLE_OBJC_ARC = YES;
				CLANG_ENABLE_OBJC_WEAK = YES;
				CLANG_WARN_BLOCK_CAPTURE_AUTORELEASING = YES;
				CLANG_WARN_BOOL_CONVERSION = YES;
				CLANG_WARN_COMMA = YES;
				CLANG_WARN_CONSTANT_CONVERSION = YES;
				CLANG_WARN_DEPRECATED_OBJC_IMPLEMENTATIONS = YES;
				CLANG_WARN_DIRECT_OBJC_ISA_USAGE = YES_ERROR;
				CLANG_WARN_DOCUMENTATION_COMMENTS = YES;
				CLANG_WARN_EMPTY_BODY = YES;
				CLANG_WARN_ENUM_CONVERSION = YES;
				CLANG_WARN_INFINITE_RECURSION = YES;
				CLANG_WARN_INT_CONVERSION = YES;
				CLANG_WARN_NON_LITERAL_NULL_CONVERSION = YES;
				CLANG_WARN_OBJC_IMPLICIT_RETAIN_SELF = YES;
				CLANG_WARN_OBJC_LITERAL_CONVERSION = YES;
				CLANG_WARN_OBJC_ROOT_CLASS = YES_ERROR;
				CLANG_WARN_QUOTED_INCLUDE_IN_FRAMEWORK_HEADER = YES;
				CLANG_WARN_RANGE_LOOP_ANALYSIS = YES;
				CLANG_WARN_STRICT_PROTOTYPES = YES;
				CLANG_WARN_SUSPICIOUS_MOVE = YES;
				CLANG_WARN_UNGUARDED_AVAILABILITY = YES_AGGRESSIVE;
				CLANG_WARN_UNREACHABLE_CODE = YES;
				CLANG_WARN__DUPLICATE_METHOD_MATCH = YES;
				COPY_PHASE_STRIP = NO;
				DEBUG_INFORMATION_FORMAT = dwarf;
				ENABLE_STRICT_OBJC_MSGSEND = YES;
				ENABLE_TESTABILITY = YES;
				ENABLE_USER_SCRIPT_SANDBOXING = YES;
				GCC_C_LANGUAGE_STANDARD = gnu17;
				GCC_DYNAMIC_NO_PIC = NO;
				GCC_NO_COMMON_BLOCKS = YES;
				GCC_OPTIMIZATION_LEVEL = 0;
				GCC_PREPROCESSOR_DEFINITIONS = (
					"DEBUG=1",
					"$(inherited)",
				);
				GCC_WARN_64_TO_32_BIT_CONVERSION = YES;
				GCC_WARN_ABOUT_RETURN_TYPE = YES_ERROR;
				GCC_WARN_UNDECLARED_SELECTOR = YES;
				GCC_WARN_UNINITIALIZED_AUTOS = YES_AGGRESSIVE;
				GCC_WARN_UNUSED_FUNCTION = YES;
				GCC_WARN_UNUSED_VARIABLE = YES;
				IPHONEOS_DEPLOYMENT_TARGET = 18.0;
				LOCALIZATION_PREFERS_STRING_CATALOGS = YES;
				MTL_ENABLE_DEBUG_INFO = INCLUDE_SOURCE;
				MTL_FAST_MATH = YES;
				ONLY_ACTIVE_ARCH = YES;
				SDKROOT = iphoneos;
				SWIFT_ACTIVE_COMPILATION_CONDITIONS = "DEBUG $(inherited)";
				SWIFT_OPTIMIZATION_LEVEL = "-Onone";
			};
			name = Debug;
		};
		DE1A75B82B7B65BA00912224 /* Release */ = {
			isa = XCBuildConfiguration;
			buildSettings = {
				ALWAYS_SEARCH_USER_PATHS = NO;
				ASSETCATALOG_COMPILER_GENERATE_SWIFT_ASSET_SYMBOL_EXTENSIONS = YES;
				CLANG_ANALYZER_NONNULL = YES;
				CLANG_ANALYZER_NUMBER_OBJECT_CONVERSION = YES_AGGRESSIVE;
				CLANG_CXX_LANGUAGE_STANDARD = "gnu++20";
				CLANG_ENABLE_MODULES = YES;
				CLANG_ENABLE_OBJC_ARC = YES;
				CLANG_ENABLE_OBJC_WEAK = YES;
				CLANG_WARN_BLOCK_CAPTURE_AUTORELEASING = YES;
				CLANG_WARN_BOOL_CONVERSION = YES;
				CLANG_WARN_COMMA = YES;
				CLANG_WARN_CONSTANT_CONVERSION = YES;
				CLANG_WARN_DEPRECATED_OBJC_IMPLEMENTATIONS = YES;
				CLANG_WARN_DIRECT_OBJC_ISA_USAGE = YES_ERROR;
				CLANG_WARN_DOCUMENTATION_COMMENTS = YES;
				CLANG_WARN_EMPTY_BODY = YES;
				CLANG_WARN_ENUM_CONVERSION = YES;
				CLANG_WARN_INFINITE_RECURSION = YES;
				CLANG_WARN_INT_CONVERSION = YES;
				CLANG_WARN_NON_LITERAL_NULL_CONVERSION = YES;
				CLANG_WARN_OBJC_IMPLICIT_RETAIN_SELF = YES;
				CLANG_WARN_OBJC_LITERAL_CONVERSION = YES;
				CLANG_WARN_OBJC_ROOT_CLASS = YES_ERROR;
				CLANG_WARN_QUOTED_INCLUDE_IN_FRAMEWORK_HEADER = YES;
				CLANG_WARN_RANGE_LOOP_ANALYSIS = YES;
				CLANG_WARN_STRICT_PROTOTYPES = YES;
				CLANG_WARN_SUSPICIOUS_MOVE = YES;
				CLANG_WARN_UNGUARDED_AVAILABILITY = YES_AGGRESSIVE;
				CLANG_WARN_UNREACHABLE_CODE = YES;
				CLANG_WARN__DUPLICATE_METHOD_MATCH = YES;
				COPY_PHASE_STRIP = NO;
				DEBUG_INFORMATION_FORMAT = "dwarf-with-dsym";
				ENABLE_NS_ASSERTIONS = NO;
				ENABLE_STRICT_OBJC_MSGSEND = YES;
				ENABLE_USER_SCRIPT_SANDBOXING = YES;
				GCC_C_LANGUAGE_STANDARD = gnu17;
				GCC_NO_COMMON_BLOCKS = YES;
				GCC_WARN_64_TO_32_BIT_CONVERSION = YES;
				GCC_WARN_ABOUT_RETURN_TYPE = YES_ERROR;
				GCC_WARN_UNDECLARED_SELECTOR = YES;
				GCC_WARN_UNINITIALIZED_AUTOS = YES_AGGRESSIVE;
				GCC_WARN_UNUSED_FUNCTION = YES;
				GCC_WARN_UNUSED_VARIABLE = YES;
				IPHONEOS_DEPLOYMENT_TARGET = 18.0;
				LOCALIZATION_PREFERS_STRING_CATALOGS = YES;
				MTL_ENABLE_DEBUG_INFO = NO;
				MTL_FAST_MATH = YES;
				SDKROOT = iphoneos;
				SWIFT_COMPILATION_MODE = wholemodule;
				VALIDATE_PRODUCT = YES;
			};
			name = Release;
		};
		DE1A75BA2B7B65BA00912224 /* Debug */ = {
			isa = XCBuildConfiguration;
			buildSettings = {
				ASSETCATALOG_COMPILER_APPICON_NAME = AppIcon;
				ASSETCATALOG_COMPILER_GLOBAL_ACCENT_COLOR_NAME = AccentColor;
				CODE_SIGN_STYLE = Automatic;
				CURRENT_PROJECT_VERSION = 1;
				DEVELOPMENT_ASSET_PATHS = "\"MatchedGeometryEffectShowcase/Preview Content\"";
				DEVELOPMENT_TEAM = S5BF5553KY;
				ENABLE_PREVIEWS = YES;
				GENERATE_INFOPLIST_FILE = YES;
				INFOPLIST_KEY_UIApplicationSceneManifest_Generation = YES;
				INFOPLIST_KEY_UIApplicationSupportsIndirectInputEvents = YES;
				INFOPLIST_KEY_UILaunchScreen_Generation = YES;
				INFOPLIST_KEY_UISupportedInterfaceOrientations = UIInterfaceOrientationPortrait;
				IPHONEOS_DEPLOYMENT_TARGET = 18.0;
				LD_RUNPATH_SEARCH_PATHS = (
					"$(inherited)",
					"@executable_path/Frameworks",
				);
				MARKETING_VERSION = 1.0;
				PRODUCT_BUNDLE_IDENTIFIER = net.just1factory.MatchedGeometryEffectShowcase;
				PRODUCT_NAME = "$(TARGET_NAME)";
				SWIFT_EMIT_LOC_STRINGS = YES;
				SWIFT_VERSION = 5.0;
				TARGETED_DEVICE_FAMILY = "1,2";
			};
			name = Debug;
		};
		DE1A75BB2B7B65BA00912224 /* Release */ = {
			isa = XCBuildConfiguration;
			buildSettings = {
				ASSETCATALOG_COMPILER_APPICON_NAME = AppIcon;
				ASSETCATALOG_COMPILER_GLOBAL_ACCENT_COLOR_NAME = AccentColor;
				CODE_SIGN_STYLE = Automatic;
				CURRENT_PROJECT_VERSION = 1;
				DEVELOPMENT_ASSET_PATHS = "\"MatchedGeometryEffectShowcase/Preview Content\"";
				DEVELOPMENT_TEAM = S5BF5553KY;
				ENABLE_PREVIEWS = YES;
				GENERATE_INFOPLIST_FILE = YES;
				INFOPLIST_KEY_UIApplicationSceneManifest_Generation = YES;
				INFOPLIST_KEY_UIApplicationSupportsIndirectInputEvents = YES;
				INFOPLIST_KEY_UILaunchScreen_Generation = YES;
				INFOPLIST_KEY_UISupportedInterfaceOrientations = UIInterfaceOrientationPortrait;
				IPHONEOS_DEPLOYMENT_TARGET = 18.0;
				LD_RUNPATH_SEARCH_PATHS = (
					"$(inherited)",
					"@executable_path/Frameworks",
				);
				MARKETING_VERSION = 1.0;
				PRODUCT_BUNDLE_IDENTIFIER = net.just1factory.MatchedGeometryEffectShowcase;
				PRODUCT_NAME = "$(TARGET_NAME)";
				SWIFT_EMIT_LOC_STRINGS = YES;
				SWIFT_VERSION = 5.0;
				TARGETED_DEVICE_FAMILY = "1,2";
			};
			name = Release;
		};
		DE61C9432C203C3F0058FEEF /* Debug */ = {
			isa = XCBuildConfiguration;
			buildSettings = {
				BUNDLE_LOADER = "$(TEST_HOST)";
				CODE_SIGN_STYLE = Automatic;
				CURRENT_PROJECT_VERSION = 1;
				DEVELOPMENT_TEAM = S5BF5553KY;
				GENERATE_INFOPLIST_FILE = YES;
				IPHONEOS_DEPLOYMENT_TARGET = 18.0;
				MARKETING_VERSION = 1.0;
				PRODUCT_BUNDLE_IDENTIFIER = net.just1factory.MatchedGeometryEffectShowcaseTests;
				PRODUCT_NAME = "$(TARGET_NAME)";
				SWIFT_EMIT_LOC_STRINGS = NO;
				SWIFT_VERSION = 6.0;
				TARGETED_DEVICE_FAMILY = "1,2";
				TEST_HOST = "$(BUILT_PRODUCTS_DIR)/MatchedGeometryEffectShowcase.app/$(BUNDLE_EXECUTABLE_FOLDER_PATH)/MatchedGeometryEffectShowcase";
			};
			name = Debug;
		};
		DE61C9442C203C3F0058FEEF /* Release */ = {
			isa = XCBuildConfiguration;
			buildSettings = {
				BUNDLE_LOADER = "$(TEST_HOST)";
				CODE_SIGN_STYLE = Automatic;
				CURRENT_PROJECT_VERSION = 1;
				DEVELOPMENT_TEAM = S5BF5553KY;
				GENERATE_INFOPLIST_FILE = YES;
				IPHONEOS_DEPLOYMENT_TARGET = 18.0;
				MARKETING_VERSION = 1.0;
				PRODUCT_BUNDLE_IDENTIFIER = net.just1factory.MatchedGeometryEffectShowcaseTests;
				PRODUCT_NAME = "$(TARGET_NAME)";
				SWIFT_EMIT_LOC_STRINGS = NO;
				SWIFT_VERSION = 6.0;
				TARGETED_DEVICE_FAMILY = "1,2";
				TEST_HOST = "$(BUILT_PRODUCTS_DIR)/MatchedGeometryEffectShowcase.app/$(BUNDLE_EXECUTABLE_FOLDER_PATH)/MatchedGeometryEffectShowcase";
			};
			name = Release;
		};
/* End XCBuildConfiguration section */

/* Begin XCConfigurationList section */
		DE1A75A62B7B65B900912224 /* Build configuration list for PBXProject "MatchedGeometryEffectShowcase" */ = {
			isa = XCConfigurationList;
			buildConfigurations = (
				DE1A75B72B7B65BA00912224 /* Debug */,
				DE1A75B82B7B65BA00912224 /* Release */,
			);
			defaultConfigurationIsVisible = 0;
			defaultConfigurationName = Release;
		};
		DE1A75B92B7B65BA00912224 /* Build configuration list for PBXNativeTarget "MatchedGeometryEffectShowcase" */ = {
			isa = XCConfigurationList;
			buildConfigurations = (
				DE1A75BA2B7B65BA00912224 /* Debug */,
				DE1A75BB2B7B65BA00912224 /* Release */,
			);
			defaultConfigurationIsVisible = 0;
			defaultConfigurationName = Release;
		};
		DE61C9422C203C3F0058FEEF /* Build configuration list for PBXNativeTarget "MatchedGeometryEffectShowcaseTests" */ = {
			isa = XCConfigurationList;
			buildConfigurations = (
				DE61C9432C203C3F0058FEEF /* Debug */,
				DE61C9442C203C3F0058FEEF /* Release */,
			);
			defaultConfigurationIsVisible = 0;
			defaultConfigurationName = Release;
		};
/* End XCConfigurationList section */

/* Begin XCLocalSwiftPackageReference section */
		DEAAF0012F24B00100000001 /* XCLocalSwiftPackageReference "Packages/AppFeature" */ = {
			isa = XCLocalSwiftPackageReference;
			relativePath = "Packages/AppFeature";
		};
/* End XCLocalSwiftPackageReference section */

/* Begin XCSwiftPackageProductDependency section */
		DEAAF0022F24B00100000002 /* Entity */ = {
			isa = XCSwiftPackageProductDependency;
			productName = Entity;
		};
		DEAAF0032F24B00100000003 /* AppExtension */ = {
			isa = XCSwiftPackageProductDependency;
			productName = AppExtension;
		};
		DEAAF0042F24B00100000004 /* Infrastructure */ = {
			isa = XCSwiftPackageProductDependency;
			productName = Infrastructure;
		};
		DEAAF0052F24B00100000005 /* Common */ = {
			isa = XCSwiftPackageProductDependency;
			productName = Common;
		};
		DEAAF0062F24B00100000006 /* Components */ = {
			isa = XCSwiftPackageProductDependency;
			productName = Components;
		};
		DEAAF0072F24B00100000007 /* ViewStateProvider */ = {
			isa = XCSwiftPackageProductDependency;
			productName = ViewStateProvider;
		};
		DEAAF0082F24B00100000008 /* Screen */ = {
			isa = XCSwiftPackageProductDependency;
			productName = Screen;
		};
/* End XCSwiftPackageProductDependency section */
	};
	rootObject = DE1A75A32B7B65B900912224 /* Project object */;
}
