// !$*UTF8*$!
{
	archiveVersion = 1;
	classes = {
	};
	objectVersion = 56;
	objects = {

/* Begin PBXBuildFile section */
		DE1A75AF2B7B65B900912224 /* MatchedGeometryEffectShowcaseApp.swift in Sources */ = {isa = PBXBuildFile; fileRef = DE1A75AE2B7B65B900912224 /* MatchedGeometryEffectShowcaseApp.swift */; };
		DE1A75B12B7B65B900912224 /* ContentView.swift in Sources */ = {isa = PBXBuildFile; fileRef = DE1A75B02B7B65B900912224 /* ContentView.swift */; };
		DE1A75B32B7B65BA00912224 /* Assets.xcassets in Resources */ = {isa = PBXBuildFile; fileRef = DE1A75B22B7B65BA00912224 /* Assets.xcassets */; };
		DE1A75B62B7B65BA00912224 /* Preview Assets.xcassets in Resources */ = {isa = PBXBuildFile; fileRef = DE1A75B52B7B65BA00912224 /* Preview Assets.xcassets */; };
		DE1A75C82B7FAC4700912224 /* Nuke in Frameworks */ = {isa = PBXBuildFile; productRef = DE1A75C72B7FAC4700912224 /* Nuke */; };
		DE1A75CA2B7FAC4700912224 /* NukeExtensions in Frameworks */ = {isa = PBXBuildFile; productRef = DE1A75C92B7FAC4700912224 /* NukeExtensions */; };
		DE1A75CC2B7FAC4700912224 /* NukeUI in Frameworks */ = {isa = PBXBuildFile; productRef = DE1A75CB2B7FAC4700912224 /* NukeUI */; };
		DE1A75CE2B7FAC4700912224 /* NukeVideo in Frameworks */ = {isa = PBXBuildFile; productRef = DE1A75CD2B7FAC4700912224 /* NukeVideo */; };
		DE1A75D42B84D5C200912224 /* Cosmos in Frameworks */ = {isa = PBXBuildFile; productRef = DE1A75D32B84D5C200912224 /* Cosmos */; };
		DE1A75D72B84D5D900912224 /* PopupView in Frameworks */ = {isa = PBXBuildFile; productRef = DE1A75D62B84D5D900912224 /* PopupView */; };
		DE1A75DA2B8644A500912224 /* RatingViewRepresentable.swift in Sources */ = {isa = PBXBuildFile; fileRef = DE1A75D92B8644A500912224 /* RatingViewRepresentable.swift */; };
		DE1A75DC2B8644C300912224 /* StarRatingView.swift in Sources */ = {isa = PBXBuildFile; fileRef = DE1A75DB2B8644C300912224 /* StarRatingView.swift */; };
		DE1A75DE2B86450400912224 /* FirstAppearExtension.swift in Sources */ = {isa = PBXBuildFile; fileRef = DE1A75DD2B86450400912224 /* FirstAppearExtension.swift */; };
		DE1A75E02B86451900912224 /* StringExtension.swift in Sources */ = {isa = PBXBuildFile; fileRef = DE1A75DF2B86451900912224 /* StringExtension.swift */; };
		DE1A75E22B86452A00912224 /* SwiftUIColorExtension.swift in Sources */ = {isa = PBXBuildFile; fileRef = DE1A75E12B86452A00912224 /* SwiftUIColorExtension.swift */; };
		DE1A75E42B86453E00912224 /* UIColorExtension.swift in Sources */ = {isa = PBXBuildFile; fileRef = DE1A75E32B86453E00912224 /* UIColorExtension.swift */; };
/* End PBXBuildFile section */

/* Begin PBXFileReference section */
		DE1A75AB2B7B65B900912224 /* MatchedGeometryEffectShowcase.app */ = {isa = PBXFileReference; explicitFileType = wrapper.application; includeInIndex = 0; path = MatchedGeometryEffectShowcase.app; sourceTree = BUILT_PRODUCTS_DIR; };
		DE1A75AE2B7B65B900912224 /* MatchedGeometryEffectShowcaseApp.swift */ = {isa = PBXFileReference; lastKnownFileType = sourcecode.swift; path = MatchedGeometryEffectShowcaseApp.swift; sourceTree = "<group>"; };
		DE1A75B02B7B65B900912224 /* ContentView.swift */ = {isa = PBXFileReference; lastKnownFileType = sourcecode.swift; path = ContentView.swift; sourceTree = "<group>"; };
		DE1A75B22B7B65BA00912224 /* Assets.xcassets */ = {isa = PBXFileReference; lastKnownFileType = folder.assetcatalog; path = Assets.xcassets; sourceTree = "<group>"; };
		DE1A75B52B7B65BA00912224 /* Preview Assets.xcassets */ = {isa = PBXFileReference; lastKnownFileType = folder.assetcatalog; path = "Preview Assets.xcassets"; sourceTree = "<group>"; };
		DE1A75D92B8644A500912224 /* RatingViewRepresentable.swift */ = {isa = PBXFileReference; lastKnownFileType = sourcecode.swift; path = RatingViewRepresentable.swift; sourceTree = "<group>"; };
		DE1A75DB2B8644C300912224 /* StarRatingView.swift */ = {isa = PBXFileReference; lastKnownFileType = sourcecode.swift; path = StarRatingView.swift; sourceTree = "<group>"; };
		DE1A75DD2B86450400912224 /* FirstAppearExtension.swift */ = {isa = PBXFileReference; lastKnownFileType = sourcecode.swift; path = FirstAppearExtension.swift; sourceTree = "<group>"; };
		DE1A75DF2B86451900912224 /* StringExtension.swift */ = {isa = PBXFileReference; lastKnownFileType = sourcecode.swift; path = StringExtension.swift; sourceTree = "<group>"; };
		DE1A75E12B86452A00912224 /* SwiftUIColorExtension.swift */ = {isa = PBXFileReference; lastKnownFileType = sourcecode.swift; path = SwiftUIColorExtension.swift; sourceTree = "<group>"; };
		DE1A75E32B86453E00912224 /* UIColorExtension.swift */ = {isa = PBXFileReference; lastKnownFileType = sourcecode.swift; path = UIColorExtension.swift; sourceTree = "<group>"; };
/* End PBXFileReference section */

/* Begin PBXFrameworksBuildPhase section */
		DE1A75A82B7B65B900912224 /* Frameworks */ = {
			isa = PBXFrameworksBuildPhase;
			buildActionMask = 2147483647;
			files = (
				DE1A75D72B84D5D900912224 /* PopupView in Frameworks */,
				DE1A75D42B84D5C200912224 /* Cosmos in Frameworks */,
				DE1A75CC2B7FAC4700912224 /* NukeUI in Frameworks */,
				DE1A75C82B7FAC4700912224 /* Nuke in Frameworks */,
				DE1A75CA2B7FAC4700912224 /* NukeExtensions in Frameworks */,
				DE1A75CE2B7FAC4700912224 /* NukeVideo in Frameworks */,
			);
			runOnlyForDeploymentPostprocessing = 0;
		};
/* End PBXFrameworksBuildPhase section */

/* Begin PBXGroup section */
		DE1A75A22B7B65B900912224 = {
			isa = PBXGroup;
			children = (
				DE1A75AD2B7B65B900912224 /* MatchedGeometryEffectShowcase */,
				DE1A75AC2B7B65B900912224 /* Products */,
			);
			sourceTree = "<group>";
		};
		DE1A75AC2B7B65B900912224 /* Products */ = {
			isa = PBXGroup;
			children = (
				DE1A75AB2B7B65B900912224 /* MatchedGeometryEffectShowcase.app */,
			);
			name = Products;
			sourceTree = "<group>";
		};
		DE1A75AD2B7B65B900912224 /* MatchedGeometryEffectShowcase */ = {
			isa = PBXGroup;
			children = (
				DE1A75AE2B7B65B900912224 /* MatchedGeometryEffectShowcaseApp.swift */,
				DE1A75B22B7B65BA00912224 /* Assets.xcassets */,
				DE1A75BC2B7E27D900912224 /* Application */,
				DE1A75B42B7B65BA00912224 /* Preview Content */,
			);
			path = MatchedGeometryEffectShowcase;
			sourceTree = "<group>";
		};
		DE1A75B42B7B65BA00912224 /* Preview Content */ = {
			isa = PBXGroup;
			children = (
				DE1A75B52B7B65BA00912224 /* Preview Assets.xcassets */,
			);
			path = "Preview Content";
			sourceTree = "<group>";
		};
		DE1A75BC2B7E27D900912224 /* Application */ = {
			isa = PBXGroup;
			children = (
				DE1A75B02B7B65B900912224 /* ContentView.swift */,
				DE1A75C42B7E290B00912224 /* Components */,
				DE1A75C22B7E289900912224 /* Entity */,
				DE1A75BF2B7E283D00912224 /* Extension */,
				DE1A75C02B7E284600912224 /* Infrastructure */,
				DE1A75C12B7E286700912224 /* Repository */,
				DE1A75C52B7E293D00912224 /* Screen */,
				DE1A75C32B7E28B700912224 /* ViewObject */,
				DE1A75BE2B7E281B00912224 /* ViewStateProvider */,
			);
			path = Application;
			sourceTree = "<group>";
		};
		DE1A75BE2B7E281B00912224 /* ViewStateProvider */ = {
			isa = PBXGroup;
			children = (
			);
			path = ViewStateProvider;
			sourceTree = "<group>";
		};
		DE1A75BF2B7E283D00912224 /* Extension */ = {
			isa = PBXGroup;
			children = (
				DE1A75DD2B86450400912224 /* FirstAppearExtension.swift */,
				DE1A75DF2B86451900912224 /* StringExtension.swift */,
				DE1A75E12B86452A00912224 /* SwiftUIColorExtension.swift */,
				DE1A75E32B86453E00912224 /* UIColorExtension.swift */,
			);
			path = Extension;
			sourceTree = "<group>";
		};
		DE1A75C02B7E284600912224 /* Infrastructure */ = {
			isa = PBXGroup;
			children = (
			);
			path = Infrastructure;
			sourceTree = "<group>";
		};
		DE1A75C12B7E286700912224 /* Repository */ = {
			isa = PBXGroup;
			children = (
			);
			path = Repository;
			sourceTree = "<group>";
		};
		DE1A75C22B7E289900912224 /* Entity */ = {
			isa = PBXGroup;
			children = (
			);
			path = Entity;
			sourceTree = "<group>";
		};
		DE1A75C32B7E28B700912224 /* ViewObject */ = {
			isa = PBXGroup;
			children = (
			);
			path = ViewObject;
			sourceTree = "<group>";
		};
		DE1A75C42B7E290B00912224 /* Components */ = {
			isa = PBXGroup;
			children = (
				DE1A75D82B86448000912224 /* UIViewRepresentable */,
				DE1A75DB2B8644C300912224 /* StarRatingView.swift */,
			);
			path = Components;
			sourceTree = "<group>";
		};
		DE1A75C52B7E293D00912224 /* Screen */ = {
			isa = PBXGroup;
			children = (
			);
			path = Screen;
			sourceTree = "<group>";
		};
		DE1A75D82B86448000912224 /* UIViewRepresentable */ = {
			isa = PBXGroup;
			children = (
				DE1A75D92B8644A500912224 /* RatingViewRepresentable.swift */,
			);
			path = UIViewRepresentable;
			sourceTree = "<group>";
		};
/* End PBXGroup section */

/* Begin PBXNativeTarget section */
		DE1A75AA2B7B65B900912224 /* MatchedGeometryEffectShowcase */ = {
			isa = PBXNativeTarget;
			buildConfigurationList = DE1A75B92B7B65BA00912224 /* Build configuration list for PBXNativeTarget "MatchedGeometryEffectShowcase" */;
			buildPhases = (
				DE1A75A72B7B65B900912224 /* Sources */,
				DE1A75A82B7B65B900912224 /* Frameworks */,
				DE1A75A92B7B65B900912224 /* Resources */,
			);
			buildRules = (
			);
			dependencies = (
			);
			name = MatchedGeometryEffectShowcase;
			packageProductDependencies = (
				DE1A75C72B7FAC4700912224 /* Nuke */,
				DE1A75C92B7FAC4700912224 /* NukeExtensions */,
				DE1A75CB2B7FAC4700912224 /* NukeUI */,
				DE1A75CD2B7FAC4700912224 /* NukeVideo */,
				DE1A75D32B84D5C200912224 /* Cosmos */,
				DE1A75D62B84D5D900912224 /* PopupView */,
			);
			productName = MatchedGeometryEffectShowcase;
			productReference = DE1A75AB2B7B65B900912224 /* MatchedGeometryEffectShowcase.app */;
			productType = "com.apple.product-type.application";
		};
/* End PBXNativeTarget section */

/* Begin PBXProject section */
		DE1A75A32B7B65B900912224 /* Project object */ = {
			isa = PBXProject;
			attributes = {
				BuildIndependentTargetsInParallel = 1;
				LastSwiftUpdateCheck = 1520;
				LastUpgradeCheck = 1520;
				TargetAttributes = {
					DE1A75AA2B7B65B900912224 = {
						CreatedOnToolsVersion = 15.2;
					};
				};
			};
			buildConfigurationList = DE1A75A62B7B65B900912224 /* Build configuration list for PBXProject "MatchedGeometryEffectShowcase" */;
			compatibilityVersion = "Xcode 14.0";
			developmentRegion = en;
			hasScannedForEncodings = 0;
			knownRegions = (
				en,
				Base,
			);
			mainGroup = DE1A75A22B7B65B900912224;
			packageReferences = (
				DE1A75C62B7FAC4700912224 /* XCRemoteSwiftPackageReference "Nuke" */,
				DE1A75D22B84D5C200912224 /* XCRemoteSwiftPackageReference "Cosmos" */,
				DE1A75D52B84D5D900912224 /* XCRemoteSwiftPackageReference "PopupView" */,
			);
			productRefGroup = DE1A75AC2B7B65B900912224 /* Products */;
			projectDirPath = "";
			projectRoot = "";
			targets = (
				DE1A75AA2B7B65B900912224 /* MatchedGeometryEffectShowcase */,
			);
		};
/* End PBXProject section */

/* Begin PBXResourcesBuildPhase section */
		DE1A75A92B7B65B900912224 /* Resources */ = {
			isa = PBXResourcesBuildPhase;
			buildActionMask = 2147483647;
			files = (
				DE1A75B62B7B65BA00912224 /* Preview Assets.xcassets in Resources */,
				DE1A75B32B7B65BA00912224 /* Assets.xcassets in Resources */,
			);
			runOnlyForDeploymentPostprocessing = 0;
		};
/* End PBXResourcesBuildPhase section */

/* Begin PBXSourcesBuildPhase section */
		DE1A75A72B7B65B900912224 /* Sources */ = {
			isa = PBXSourcesBuildPhase;
			buildActionMask = 2147483647;
			files = (
				DE1A75DA2B8644A500912224 /* RatingViewRepresentable.swift in Sources */,
				DE1A75DC2B8644C300912224 /* StarRatingView.swift in Sources */,
				DE1A75E02B86451900912224 /* StringExtension.swift in Sources */,
				DE1A75E42B86453E00912224 /* UIColorExtension.swift in Sources */,
				DE1A75E22B86452A00912224 /* SwiftUIColorExtension.swift in Sources */,
				DE1A75B12B7B65B900912224 /* ContentView.swift in Sources */,
				DE1A75DE2B86450400912224 /* FirstAppearExtension.swift in Sources */,
				DE1A75AF2B7B65B900912224 /* MatchedGeometryEffectShowcaseApp.swift in Sources */,
			);
			runOnlyForDeploymentPostprocessing = 0;
		};
/* End PBXSourcesBuildPhase section */

/* Begin XCBuildConfiguration section */
		DE1A75B72B7B65BA00912224 /* Debug */ = {
			isa = XCBuildConfiguration;
			buildSettings = {
				ALWAYS_SEARCH_USER_PATHS = NO;
				ASSETCATALOG_COMPILER_GENERATE_SWIFT_ASSET_SYMBOL_EXTENSIONS = YES;
				CLANG_ANALYZER_NONNULL = YES;
				CLANG_ANALYZER_NUMBER_OBJECT_CONVERSION = YES_AGGRESSIVE;
				CLANG_CXX_LANGUAGE_STANDARD = "gnu++20";
				CLANG_ENABLE_MODULES = YES;
				CLANG_ENABLE_OBJC_ARC = YES;
				CLANG_ENABLE_OBJC_WEAK = YES;
				CLANG_WARN_BLOCK_CAPTURE_AUTORELEASING = YES;
				CLANG_WARN_BOOL_CONVERSION = YES;
				CLANG_WARN_COMMA = YES;
				CLANG_WARN_CONSTANT_CONVERSION = YES;
				CLANG_WARN_DEPRECATED_OBJC_IMPLEMENTATIONS = YES;
				CLANG_WARN_DIRECT_OBJC_ISA_USAGE = YES_ERROR;
				CLANG_WARN_DOCUMENTATION_COMMENTS = YES;
				CLANG_WARN_EMPTY_BODY = YES;
				CLANG_WARN_ENUM_CONVERSION = YES;
				CLANG_WARN_INFINITE_RECURSION = YES;
				CLANG_WARN_INT_CONVERSION = YES;
				CLANG_WARN_NON_LITERAL_NULL_CONVERSION = YES;
				CLANG_WARN_OBJC_IMPLICIT_RETAIN_SELF = YES;
				CLANG_WARN_OBJC_LITERAL_CONVERSION = YES;
				CLANG_WARN_OBJC_ROOT_CLASS = YES_ERROR;
				CLANG_WARN_QUOTED_INCLUDE_IN_FRAMEWORK_HEADER = YES;
				CLANG_WARN_RANGE_LOOP_ANALYSIS = YES;
				CLANG_WARN_STRICT_PROTOTYPES = YES;
				CLANG_WARN_SUSPICIOUS_MOVE = YES;
				CLANG_WARN_UNGUARDED_AVAILABILITY = YES_AGGRESSIVE;
				CLANG_WARN_UNREACHABLE_CODE = YES;
				CLANG_WARN__DUPLICATE_METHOD_MATCH = YES;
				COPY_PHASE_STRIP = NO;
				DEBUG_INFORMATION_FORMAT = dwarf;
				ENABLE_STRICT_OBJC_MSGSEND = YES;
				ENABLE_TESTABILITY = YES;
				ENABLE_USER_SCRIPT_SANDBOXING = YES;
				GCC_C_LANGUAGE_STANDARD = gnu17;
				GCC_DYNAMIC_NO_PIC = NO;
				GCC_NO_COMMON_BLOCKS = YES;
				GCC_OPTIMIZATION_LEVEL = 0;
				GCC_PREPROCESSOR_DEFINITIONS = (
					"DEBUG=1",
					"$(inherited)",
				);
				GCC_WARN_64_TO_32_BIT_CONVERSION = YES;
				GCC_WARN_ABOUT_RETURN_TYPE = YES_ERROR;
				GCC_WARN_UNDECLARED_SELECTOR = YES;
				GCC_WARN_UNINITIALIZED_AUTOS = YES_AGGRESSIVE;
				GCC_WARN_UNUSED_FUNCTION = YES;
				GCC_WARN_UNUSED_VARIABLE = YES;
				IPHONEOS_DEPLOYMENT_TARGET = 17.2;
				LOCALIZATION_PREFERS_STRING_CATALOGS = YES;
				MTL_ENABLE_DEBUG_INFO = INCLUDE_SOURCE;
				MTL_FAST_MATH = YES;
				ONLY_ACTIVE_ARCH = YES;
				SDKROOT = iphoneos;
				SWIFT_ACTIVE_COMPILATION_CONDITIONS = "DEBUG $(inherited)";
				SWIFT_OPTIMIZATION_LEVEL = "-Onone";
			};
			name = Debug;
		};
		DE1A75B82B7B65BA00912224 /* Release */ = {
			isa = XCBuildConfiguration;
			buildSettings = {
				ALWAYS_SEARCH_USER_PATHS = NO;
				ASSETCATALOG_COMPILER_GENERATE_SWIFT_ASSET_SYMBOL_EXTENSIONS = YES;
				CLANG_ANALYZER_NONNULL = YES;
				CLANG_ANALYZER_NUMBER_OBJECT_CONVERSION = YES_AGGRESSIVE;
				CLANG_CXX_LANGUAGE_STANDARD = "gnu++20";
				CLANG_ENABLE_MODULES = YES;
				CLANG_ENABLE_OBJC_ARC = YES;
				CLANG_ENABLE_OBJC_WEAK = YES;
				CLANG_WARN_BLOCK_CAPTURE_AUTORELEASING = YES;
				CLANG_WARN_BOOL_CONVERSION = YES;
				CLANG_WARN_COMMA = YES;
				CLANG_WARN_CONSTANT_CONVERSION = YES;
				CLANG_WARN_DEPRECATED_OBJC_IMPLEMENTATIONS = YES;
				CLANG_WARN_DIRECT_OBJC_ISA_USAGE = YES_ERROR;
				CLANG_WARN_DOCUMENTATION_COMMENTS = YES;
				CLANG_WARN_EMPTY_BODY = YES;
				CLANG_WARN_ENUM_CONVERSION = YES;
				CLANG_WARN_INFINITE_RECURSION = YES;
				CLANG_WARN_INT_CONVERSION = YES;
				CLANG_WARN_NON_LITERAL_NULL_CONVERSION = YES;
				CLANG_WARN_OBJC_IMPLICIT_RETAIN_SELF = YES;
				CLANG_WARN_OBJC_LITERAL_CONVERSION = YES;
				CLANG_WARN_OBJC_ROOT_CLASS = YES_ERROR;
				CLANG_WARN_QUOTED_INCLUDE_IN_FRAMEWORK_HEADER = YES;
				CLANG_WARN_RANGE_LOOP_ANALYSIS = YES;
				CLANG_WARN_STRICT_PROTOTYPES = YES;
				CLANG_WARN_SUSPICIOUS_MOVE = YES;
				CLANG_WARN_UNGUARDED_AVAILABILITY = YES_AGGRESSIVE;
				CLANG_WARN_UNREACHABLE_CODE = YES;
				CLANG_WARN__DUPLICATE_METHOD_MATCH = YES;
				COPY_PHASE_STRIP = NO;
				DEBUG_INFORMATION_FORMAT = "dwarf-with-dsym";
				ENABLE_NS_ASSERTIONS = NO;
				ENABLE_STRICT_OBJC_MSGSEND = YES;
				ENABLE_USER_SCRIPT_SANDBOXING = YES;
				GCC_C_LANGUAGE_STANDARD = gnu17;
				GCC_NO_COMMON_BLOCKS = YES;
				GCC_WARN_64_TO_32_BIT_CONVERSION = YES;
				GCC_WARN_ABOUT_RETURN_TYPE = YES_ERROR;
				GCC_WARN_UNDECLARED_SELECTOR = YES;
				GCC_WARN_UNINITIALIZED_AUTOS = YES_AGGRESSIVE;
				GCC_WARN_UNUSED_FUNCTION = YES;
				GCC_WARN_UNUSED_VARIABLE = YES;
				IPHONEOS_DEPLOYMENT_TARGET = 17.2;
				LOCALIZATION_PREFERS_STRING_CATALOGS = YES;
				MTL_ENABLE_DEBUG_INFO = NO;
				MTL_FAST_MATH = YES;
				SDKROOT = iphoneos;
				SWIFT_COMPILATION_MODE = wholemodule;
				VALIDATE_PRODUCT = YES;
			};
			name = Release;
		};
		DE1A75BA2B7B65BA00912224 /* Debug */ = {
			isa = XCBuildConfiguration;
			buildSettings = {
				ASSETCATALOG_COMPILER_APPICON_NAME = AppIcon;
				ASSETCATALOG_COMPILER_GLOBAL_ACCENT_COLOR_NAME = AccentColor;
				CODE_SIGN_STYLE = Automatic;
				CURRENT_PROJECT_VERSION = 1;
				DEVELOPMENT_ASSET_PATHS = "\"MatchedGeometryEffectShowcase/Preview Content\"";
				DEVELOPMENT_TEAM = S5BF5553KY;
				ENABLE_PREVIEWS = YES;
				GENERATE_INFOPLIST_FILE = YES;
				INFOPLIST_KEY_UIApplicationSceneManifest_Generation = YES;
				INFOPLIST_KEY_UIApplicationSupportsIndirectInputEvents = YES;
				INFOPLIST_KEY_UILaunchScreen_Generation = YES;
				INFOPLIST_KEY_UISupportedInterfaceOrientations_iPad = "UIInterfaceOrientationPortrait UIInterfaceOrientationPortraitUpsideDown UIInterfaceOrientationLandscapeLeft UIInterfaceOrientationLandscapeRight";
				INFOPLIST_KEY_UISupportedInterfaceOrientations_iPhone = "UIInterfaceOrientationPortrait UIInterfaceOrientationLandscapeLeft UIInterfaceOrientationLandscapeRight";
				LD_RUNPATH_SEARCH_PATHS = (
					"$(inherited)",
					"@executable_path/Frameworks",
				);
				MARKETING_VERSION = 1.0;
				PRODUCT_BUNDLE_IDENTIFIER = net.just1factory.MatchedGeometryEffectShowcase;
				PRODUCT_NAME = "$(TARGET_NAME)";
				SWIFT_EMIT_LOC_STRINGS = YES;
				SWIFT_VERSION = 5.0;
				TARGETED_DEVICE_FAMILY = "1,2";
			};
			name = Debug;
		};
		DE1A75BB2B7B65BA00912224 /* Release */ = {
			isa = XCBuildConfiguration;
			buildSettings = {
				ASSETCATALOG_COMPILER_APPICON_NAME = AppIcon;
				ASSETCATALOG_COMPILER_GLOBAL_ACCENT_COLOR_NAME = AccentColor;
				CODE_SIGN_STYLE = Automatic;
				CURRENT_PROJECT_VERSION = 1;
				DEVELOPMENT_ASSET_PATHS = "\"MatchedGeometryEffectShowcase/Preview Content\"";
				DEVELOPMENT_TEAM = S5BF5553KY;
				ENABLE_PREVIEWS = YES;
				GENERATE_INFOPLIST_FILE = YES;
				INFOPLIST_KEY_UIApplicationSceneManifest_Generation = YES;
				INFOPLIST_KEY_UIApplicationSupportsIndirectInputEvents = YES;
				INFOPLIST_KEY_UILaunchScreen_Generation = YES;
				INFOPLIST_KEY_UISupportedInterfaceOrientations_iPad = "UIInterfaceOrientationPortrait UIInterfaceOrientationPortraitUpsideDown UIInterfaceOrientationLandscapeLeft UIInterfaceOrientationLandscapeRight";
				INFOPLIST_KEY_UISupportedInterfaceOrientations_iPhone = "UIInterfaceOrientationPortrait UIInterfaceOrientationLandscapeLeft UIInterfaceOrientationLandscapeRight";
				LD_RUNPATH_SEARCH_PATHS = (
					"$(inherited)",
					"@executable_path/Frameworks",
				);
				MARKETING_VERSION = 1.0;
				PRODUCT_BUNDLE_IDENTIFIER = net.just1factory.MatchedGeometryEffectShowcase;
				PRODUCT_NAME = "$(TARGET_NAME)";
				SWIFT_EMIT_LOC_STRINGS = YES;
				SWIFT_VERSION = 5.0;
				TARGETED_DEVICE_FAMILY = "1,2";
			};
			name = Release;
		};
/* End XCBuildConfiguration section */

/* Begin XCConfigurationList section */
		DE1A75A62B7B65B900912224 /* Build configuration list for PBXProject "MatchedGeometryEffectShowcase" */ = {
			isa = XCConfigurationList;
			buildConfigurations = (
				DE1A75B72B7B65BA00912224 /* Debug */,
				DE1A75B82B7B65BA00912224 /* Release */,
			);
			defaultConfigurationIsVisible = 0;
			defaultConfigurationName = Release;
		};
		DE1A75B92B7B65BA00912224 /* Build configuration list for PBXNativeTarget "MatchedGeometryEffectShowcase" */ = {
			isa = XCConfigurationList;
			buildConfigurations = (
				DE1A75BA2B7B65BA00912224 /* Debug */,
				DE1A75BB2B7B65BA00912224 /* Release */,
			);
			defaultConfigurationIsVisible = 0;
			defaultConfigurationName = Release;
		};
/* End XCConfigurationList section */

/* Begin XCRemoteSwiftPackageReference section */
		DE1A75C62B7FAC4700912224 /* XCRemoteSwiftPackageReference "Nuke" */ = {
			isa = XCRemoteSwiftPackageReference;
			repositoryURL = "https://github.com/kean/Nuke.git";
			requirement = {
				kind = upToNextMajorVersion;
				minimumVersion = 12.4.0;
			};
		};
		DE1A75D22B84D5C200912224 /* XCRemoteSwiftPackageReference "Cosmos" */ = {
			isa = XCRemoteSwiftPackageReference;
			repositoryURL = "https://github.com/evgenyneu/Cosmos.git";
			requirement = {
				kind = upToNextMajorVersion;
				minimumVersion = 25.0.1;
			};
		};
		DE1A75D52B84D5D900912224 /* XCRemoteSwiftPackageReference "PopupView" */ = {
			isa = XCRemoteSwiftPackageReference;
			repositoryURL = "https://github.com/exyte/PopupView.git";
			requirement = {
				kind = upToNextMajorVersion;
				minimumVersion = 2.8.5;
			};
		};
/* End XCRemoteSwiftPackageReference section */

/* Begin XCSwiftPackageProductDependency section */
		DE1A75C72B7FAC4700912224 /* Nuke */ = {
			isa = XCSwiftPackageProductDependency;
			package = DE1A75C62B7FAC4700912224 /* XCRemoteSwiftPackageReference "Nuke" */;
			productName = Nuke;
		};
		DE1A75C92B7FAC4700912224 /* NukeExtensions */ = {
			isa = XCSwiftPackageProductDependency;
			package = DE1A75C62B7FAC4700912224 /* XCRemoteSwiftPackageReference "Nuke" */;
			productName = NukeExtensions;
		};
		DE1A75CB2B7FAC4700912224 /* NukeUI */ = {
			isa = XCSwiftPackageProductDependency;
			package = DE1A75C62B7FAC4700912224 /* XCRemoteSwiftPackageReference "Nuke" */;
			productName = NukeUI;
		};
		DE1A75CD2B7FAC4700912224 /* NukeVideo */ = {
			isa = XCSwiftPackageProductDependency;
			package = DE1A75C62B7FAC4700912224 /* XCRemoteSwiftPackageReference "Nuke" */;
			productName = NukeVideo;
		};
		DE1A75D32B84D5C200912224 /* Cosmos */ = {
			isa = XCSwiftPackageProductDependency;
			package = DE1A75D22B84D5C200912224 /* XCRemoteSwiftPackageReference "Cosmos" */;
			productName = Cosmos;
		};
		DE1A75D62B84D5D900912224 /* PopupView */ = {
			isa = XCSwiftPackageProductDependency;
			package = DE1A75D52B84D5D900912224 /* XCRemoteSwiftPackageReference "PopupView" */;
			productName = PopupView;
		};
/* End XCSwiftPackageProductDependency section */
	};
	rootObject = DE1A75A32B7B65B900912224 /* Project object */;
}
