// !$*UTF8*$!
{
	archiveVersion = 1;
	classes = {
	};
	objectVersion = 56;
	objects = {

/* Begin PBXBuildFile section */
		DE1A75AF2B7B65B900912224 /* MatchedGeometryEffectShowcaseApp.swift in Sources */ = {isa = PBXBuildFile; fileRef = DE1A75AE2B7B65B900912224 /* MatchedGeometryEffectShowcaseApp.swift */; };
		DE1A75B12B7B65B900912224 /* ContentView.swift in Sources */ = {isa = PBXBuildFile; fileRef = DE1A75B02B7B65B900912224 /* ContentView.swift */; };
		DE1A75B32B7B65BA00912224 /* Assets.xcassets in Resources */ = {isa = PBXBuildFile; fileRef = DE1A75B22B7B65BA00912224 /* Assets.xcassets */; };
		DE1A75B62B7B65BA00912224 /* Preview Assets.xcassets in Resources */ = {isa = PBXBuildFile; fileRef = DE1A75B52B7B65BA00912224 /* Preview Assets.xcassets */; };
		DE1A75C82B7FAC4700912224 /* Nuke in Frameworks */ = {isa = PBXBuildFile; productRef = DE1A75C72B7FAC4700912224 /* Nuke */; };
		DE1A75CA2B7FAC4700912224 /* NukeExtensions in Frameworks */ = {isa = PBXBuildFile; productRef = DE1A75C92B7FAC4700912224 /* NukeExtensions */; };
		DE1A75CC2B7FAC4700912224 /* NukeUI in Frameworks */ = {isa = PBXBuildFile; productRef = DE1A75CB2B7FAC4700912224 /* NukeUI */; };
		DE1A75CE2B7FAC4700912224 /* NukeVideo in Frameworks */ = {isa = PBXBuildFile; productRef = DE1A75CD2B7FAC4700912224 /* NukeVideo */; };
		DE1A75D42B84D5C200912224 /* Cosmos in Frameworks */ = {isa = PBXBuildFile; productRef = DE1A75D32B84D5C200912224 /* Cosmos */; };
		DE1A75DA2B8644A500912224 /* RatingViewRepresentable.swift in Sources */ = {isa = PBXBuildFile; fileRef = DE1A75D92B8644A500912224 /* RatingViewRepresentable.swift */; };
		DE1A75DC2B8644C300912224 /* StarRatingView.swift in Sources */ = {isa = PBXBuildFile; fileRef = DE1A75DB2B8644C300912224 /* StarRatingView.swift */; };
		DE1A75DE2B86450400912224 /* FirstAppearExtension.swift in Sources */ = {isa = PBXBuildFile; fileRef = DE1A75DD2B86450400912224 /* FirstAppearExtension.swift */; };
		DE1A75E02B86451900912224 /* StringExtension.swift in Sources */ = {isa = PBXBuildFile; fileRef = DE1A75DF2B86451900912224 /* StringExtension.swift */; };
		DE1A75E22B86452A00912224 /* SwiftUIColorExtension.swift in Sources */ = {isa = PBXBuildFile; fileRef = DE1A75E12B86452A00912224 /* SwiftUIColorExtension.swift */; };
		DE1A75E42B86453E00912224 /* UIColorExtension.swift in Sources */ = {isa = PBXBuildFile; fileRef = DE1A75E32B86453E00912224 /* UIColorExtension.swift */; };
		DE1A75E62B878D0B00912224 /* APIClientManager.swift in Sources */ = {isa = PBXBuildFile; fileRef = DE1A75E52B878D0B00912224 /* APIClientManager.swift */; };
		DE1A75EB2B8A013800912224 /* APIError.swift in Sources */ = {isa = PBXBuildFile; fileRef = DE1A75EA2B8A013800912224 /* APIError.swift */; };
		DE1A75ED2B8A019200912224 /* APIRequestState.swift in Sources */ = {isa = PBXBuildFile; fileRef = DE1A75EC2B8A019200912224 /* APIRequestState.swift */; };
		DE1A75EF2B8A032900912224 /* HTTPMethod.swift in Sources */ = {isa = PBXBuildFile; fileRef = DE1A75EE2B8A032900912224 /* HTTPMethod.swift */; };
		DE1A75F62B8EFFD600912224 /* PickupScreenView.swift in Sources */ = {isa = PBXBuildFile; fileRef = DE1A75F52B8EFFD600912224 /* PickupScreenView.swift */; };
		DE1A75F82B8EFFEA00912224 /* PopularScreenView.swift in Sources */ = {isa = PBXBuildFile; fileRef = DE1A75F72B8EFFEA00912224 /* PopularScreenView.swift */; };
		DE1A75FA2B90C66A00912224 /* AppDelegate.swift in Sources */ = {isa = PBXBuildFile; fileRef = DE1A75F92B90C66A00912224 /* AppDelegate.swift */; };
		DE24442E2C36E44F00379EB8 /* CombineExpectations in Frameworks */ = {isa = PBXBuildFile; productRef = DE24442D2C36E44F00379EB8 /* CombineExpectations */; };
		DE61C93F2C203C3F0058FEEF /* MatchedGeometryEffectShowcaseTests.swift in Sources */ = {isa = PBXBuildFile; fileRef = DE61C93E2C203C3F0058FEEF /* MatchedGeometryEffectShowcaseTests.swift */; };
		DE61C9482C2140150058FEEF /* Testing in Frameworks */ = {isa = PBXBuildFile; productRef = DE61C9472C2140150058FEEF /* Testing */; };
		DE61C9592C28546B0058FEEF /* UserPhotoEntity.swift in Sources */ = {isa = PBXBuildFile; fileRef = DE61C9582C28546A0058FEEF /* UserPhotoEntity.swift */; };
		DE61C95B2C28560D0058FEEF /* ProductEntity.swift in Sources */ = {isa = PBXBuildFile; fileRef = DE61C95A2C28560D0058FEEF /* ProductEntity.swift */; };
		DE91D9982BC1143D008B2203 /* PopularScreenViewController.storyboard in Resources */ = {isa = PBXBuildFile; fileRef = DE91D9972BC1143D008B2203 /* PopularScreenViewController.storyboard */; };
		DE91D99A2BC11575008B2203 /* PopularScreenViewController.swift in Sources */ = {isa = PBXBuildFile; fileRef = DE91D9992BC11575008B2203 /* PopularScreenViewController.swift */; };
		DE91D99C2BC11885008B2203 /* UIViewControllerExtension.swift in Sources */ = {isa = PBXBuildFile; fileRef = DE91D99B2BC11885008B2203 /* UIViewControllerExtension.swift */; };
		DE91D99E2BC12027008B2203 /* SampleViewController.swift in Sources */ = {isa = PBXBuildFile; fileRef = DE91D99D2BC12027008B2203 /* SampleViewController.swift */; };
		DE91D9A02BCA85AD008B2203 /* PopularViewStateProvider.swift in Sources */ = {isa = PBXBuildFile; fileRef = DE91D99F2BCA85AD008B2203 /* PopularViewStateProvider.swift */; };
		DE91D9A22BCA85C5008B2203 /* PickupViewStateProvider.swift in Sources */ = {isa = PBXBuildFile; fileRef = DE91D9A12BCA85C5008B2203 /* PickupViewStateProvider.swift */; };
		DE91D9A62BCA8C22008B2203 /* PopularDetailHeaderView.xib in Resources */ = {isa = PBXBuildFile; fileRef = DE91D9A52BCA8C22008B2203 /* PopularDetailHeaderView.xib */; };
		DE91D9A82BCA8C34008B2203 /* PopularDetailHeaderView.swift in Sources */ = {isa = PBXBuildFile; fileRef = DE91D9A72BCA8C34008B2203 /* PopularDetailHeaderView.swift */; };
		DE91D9AA2BCC0ACB008B2203 /* CustomViewBase.swift in Sources */ = {isa = PBXBuildFile; fileRef = DE91D9A92BCC0ACB008B2203 /* CustomViewBase.swift */; };
		DE91D9AD2BCC1A69008B2203 /* GalleryScreenView.swift in Sources */ = {isa = PBXBuildFile; fileRef = DE91D9AC2BCC1A68008B2203 /* GalleryScreenView.swift */; };
		DE91D9B02BCD5FB4008B2203 /* GalleryScreenViewController.swift in Sources */ = {isa = PBXBuildFile; fileRef = DE91D9AF2BCD5FB4008B2203 /* GalleryScreenViewController.swift */; };
		DE91D9B22BCD5FF0008B2203 /* GalleryScreenViewController.storyboard in Resources */ = {isa = PBXBuildFile; fileRef = DE91D9B12BCD5FF0008B2203 /* GalleryScreenViewController.storyboard */; };
		DE91D9B42BCEC41F008B2203 /* GalleryStateProvider.swift in Sources */ = {isa = PBXBuildFile; fileRef = DE91D9B32BCEC41F008B2203 /* GalleryStateProvider.swift */; };
		DE91D9B72BD018AC008B2203 /* GalleryDetailHeaderView.xib in Resources */ = {isa = PBXBuildFile; fileRef = DE91D9B62BD018AC008B2203 /* GalleryDetailHeaderView.xib */; };
		DE91D9B92BD018B7008B2203 /* GalleryDetailHeaderView.swift in Sources */ = {isa = PBXBuildFile; fileRef = DE91D9B82BD018B7008B2203 /* GalleryDetailHeaderView.swift */; };
		DE91D9BB2BD4F5AE008B2203 /* GalleryViewObject.swift in Sources */ = {isa = PBXBuildFile; fileRef = DE91D9BA2BD4F5AE008B2203 /* GalleryViewObject.swift */; };
		DE91D9BD2BD4F6CB008B2203 /* PopularViewObject.swift in Sources */ = {isa = PBXBuildFile; fileRef = DE91D9BC2BD4F6CB008B2203 /* PopularViewObject.swift */; };
		DE91D9BF2BD4F6ED008B2203 /* PickupViewObject.swift in Sources */ = {isa = PBXBuildFile; fileRef = DE91D9BE2BD4F6ED008B2203 /* PickupViewObject.swift */; };
		DE91D9C22BDD44AE008B2203 /* StoryboardInstantiatable.swift in Sources */ = {isa = PBXBuildFile; fileRef = DE91D9C12BDD44AE008B2203 /* StoryboardInstantiatable.swift */; };
		DE91D9C42BDD487D008B2203 /* FeedScreenView.swift in Sources */ = {isa = PBXBuildFile; fileRef = DE91D9C32BDD487D008B2203 /* FeedScreenView.swift */; };
		DEB4145C2BE8826400DEF655 /* ConnectionErrorView.swift in Sources */ = {isa = PBXBuildFile; fileRef = DEB4145B2BE8826400DEF655 /* ConnectionErrorView.swift */; };
		DEB4145E2BE9923500DEF655 /* FeedViewStateProvider.swift in Sources */ = {isa = PBXBuildFile; fileRef = DEB4145D2BE9923500DEF655 /* FeedViewStateProvider.swift */; };
/* End PBXBuildFile section */

/* Begin PBXContainerItemProxy section */
		DE61C9402C203C3F0058FEEF /* PBXContainerItemProxy */ = {
			isa = PBXContainerItemProxy;
			containerPortal = DE1A75A32B7B65B900912224 /* Project object */;
			proxyType = 1;
			remoteGlobalIDString = DE1A75AA2B7B65B900912224;
			remoteInfo = MatchedGeometryEffectShowcase;
		};
/* End PBXContainerItemProxy section */

/* Begin PBXFileReference section */
		DE1A75AB2B7B65B900912224 /* MatchedGeometryEffectShowcase.app */ = {isa = PBXFileReference; explicitFileType = wrapper.application; includeInIndex = 0; path = MatchedGeometryEffectShowcase.app; sourceTree = BUILT_PRODUCTS_DIR; };
		DE1A75AE2B7B65B900912224 /* MatchedGeometryEffectShowcaseApp.swift */ = {isa = PBXFileReference; lastKnownFileType = sourcecode.swift; path = MatchedGeometryEffectShowcaseApp.swift; sourceTree = "<group>"; };
		DE1A75B02B7B65B900912224 /* ContentView.swift */ = {isa = PBXFileReference; lastKnownFileType = sourcecode.swift; path = ContentView.swift; sourceTree = "<group>"; };
		DE1A75B22B7B65BA00912224 /* Assets.xcassets */ = {isa = PBXFileReference; lastKnownFileType = folder.assetcatalog; path = Assets.xcassets; sourceTree = "<group>"; };
		DE1A75B52B7B65BA00912224 /* Preview Assets.xcassets */ = {isa = PBXFileReference; lastKnownFileType = folder.assetcatalog; path = "Preview Assets.xcassets"; sourceTree = "<group>"; };
		DE1A75D92B8644A500912224 /* RatingViewRepresentable.swift */ = {isa = PBXFileReference; lastKnownFileType = sourcecode.swift; path = RatingViewRepresentable.swift; sourceTree = "<group>"; };
		DE1A75DB2B8644C300912224 /* StarRatingView.swift */ = {isa = PBXFileReference; lastKnownFileType = sourcecode.swift; path = StarRatingView.swift; sourceTree = "<group>"; };
		DE1A75DD2B86450400912224 /* FirstAppearExtension.swift */ = {isa = PBXFileReference; lastKnownFileType = sourcecode.swift; path = FirstAppearExtension.swift; sourceTree = "<group>"; };
		DE1A75DF2B86451900912224 /* StringExtension.swift */ = {isa = PBXFileReference; lastKnownFileType = sourcecode.swift; path = StringExtension.swift; sourceTree = "<group>"; };
		DE1A75E12B86452A00912224 /* SwiftUIColorExtension.swift */ = {isa = PBXFileReference; lastKnownFileType = sourcecode.swift; path = SwiftUIColorExtension.swift; sourceTree = "<group>"; };
		DE1A75E32B86453E00912224 /* UIColorExtension.swift */ = {isa = PBXFileReference; lastKnownFileType = sourcecode.swift; path = UIColorExtension.swift; sourceTree = "<group>"; };
		DE1A75E52B878D0B00912224 /* APIClientManager.swift */ = {isa = PBXFileReference; lastKnownFileType = sourcecode.swift; path = APIClientManager.swift; sourceTree = "<group>"; };
		DE1A75EA2B8A013800912224 /* APIError.swift */ = {isa = PBXFileReference; lastKnownFileType = sourcecode.swift; path = APIError.swift; sourceTree = "<group>"; };
		DE1A75EC2B8A019200912224 /* APIRequestState.swift */ = {isa = PBXFileReference; lastKnownFileType = sourcecode.swift; path = APIRequestState.swift; sourceTree = "<group>"; };
		DE1A75EE2B8A032900912224 /* HTTPMethod.swift */ = {isa = PBXFileReference; lastKnownFileType = sourcecode.swift; path = HTTPMethod.swift; sourceTree = "<group>"; };
		DE1A75F52B8EFFD600912224 /* PickupScreenView.swift */ = {isa = PBXFileReference; lastKnownFileType = sourcecode.swift; path = PickupScreenView.swift; sourceTree = "<group>"; };
		DE1A75F72B8EFFEA00912224 /* PopularScreenView.swift */ = {isa = PBXFileReference; lastKnownFileType = sourcecode.swift; path = PopularScreenView.swift; sourceTree = "<group>"; };
		DE1A75F92B90C66A00912224 /* AppDelegate.swift */ = {isa = PBXFileReference; lastKnownFileType = sourcecode.swift; path = AppDelegate.swift; sourceTree = "<group>"; };
		DE61C93C2C203C3F0058FEEF /* MatchedGeometryEffectShowcaseTests.xctest */ = {isa = PBXFileReference; explicitFileType = wrapper.cfbundle; includeInIndex = 0; path = MatchedGeometryEffectShowcaseTests.xctest; sourceTree = BUILT_PRODUCTS_DIR; };
		DE61C93E2C203C3F0058FEEF /* MatchedGeometryEffectShowcaseTests.swift */ = {isa = PBXFileReference; lastKnownFileType = sourcecode.swift; path = MatchedGeometryEffectShowcaseTests.swift; sourceTree = "<group>"; };
		DE61C9582C28546A0058FEEF /* UserPhotoEntity.swift */ = {isa = PBXFileReference; lastKnownFileType = sourcecode.swift; path = UserPhotoEntity.swift; sourceTree = "<group>"; };
		DE61C95A2C28560D0058FEEF /* ProductEntity.swift */ = {isa = PBXFileReference; lastKnownFileType = sourcecode.swift; path = ProductEntity.swift; sourceTree = "<group>"; };
		DE91D9972BC1143D008B2203 /* PopularScreenViewController.storyboard */ = {isa = PBXFileReference; lastKnownFileType = file.storyboard; path = PopularScreenViewController.storyboard; sourceTree = "<group>"; };
		DE91D9992BC11575008B2203 /* PopularScreenViewController.swift */ = {isa = PBXFileReference; lastKnownFileType = sourcecode.swift; path = PopularScreenViewController.swift; sourceTree = "<group>"; };
		DE91D99B2BC11885008B2203 /* UIViewControllerExtension.swift */ = {isa = PBXFileReference; lastKnownFileType = sourcecode.swift; path = UIViewControllerExtension.swift; sourceTree = "<group>"; };
		DE91D99D2BC12027008B2203 /* SampleViewController.swift */ = {isa = PBXFileReference; lastKnownFileType = sourcecode.swift; path = SampleViewController.swift; sourceTree = "<group>"; };
		DE91D99F2BCA85AD008B2203 /* PopularViewStateProvider.swift */ = {isa = PBXFileReference; lastKnownFileType = sourcecode.swift; path = PopularViewStateProvider.swift; sourceTree = "<group>"; };
		DE91D9A12BCA85C5008B2203 /* PickupViewStateProvider.swift */ = {isa = PBXFileReference; lastKnownFileType = sourcecode.swift; path = PickupViewStateProvider.swift; sourceTree = "<group>"; };
		DE91D9A52BCA8C22008B2203 /* PopularDetailHeaderView.xib */ = {isa = PBXFileReference; lastKnownFileType = file.xib; path = PopularDetailHeaderView.xib; sourceTree = "<group>"; };
		DE91D9A72BCA8C34008B2203 /* PopularDetailHeaderView.swift */ = {isa = PBXFileReference; lastKnownFileType = sourcecode.swift; path = PopularDetailHeaderView.swift; sourceTree = "<group>"; };
		DE91D9A92BCC0ACB008B2203 /* CustomViewBase.swift */ = {isa = PBXFileReference; lastKnownFileType = sourcecode.swift; path = CustomViewBase.swift; sourceTree = "<group>"; };
		DE91D9AC2BCC1A68008B2203 /* GalleryScreenView.swift */ = {isa = PBXFileReference; lastKnownFileType = sourcecode.swift; path = GalleryScreenView.swift; sourceTree = "<group>"; };
		DE91D9AF2BCD5FB4008B2203 /* GalleryScreenViewController.swift */ = {isa = PBXFileReference; lastKnownFileType = sourcecode.swift; path = GalleryScreenViewController.swift; sourceTree = "<group>"; };
		DE91D9B12BCD5FF0008B2203 /* GalleryScreenViewController.storyboard */ = {isa = PBXFileReference; lastKnownFileType = file.storyboard; path = GalleryScreenViewController.storyboard; sourceTree = "<group>"; };
		DE91D9B32BCEC41F008B2203 /* GalleryStateProvider.swift */ = {isa = PBXFileReference; lastKnownFileType = sourcecode.swift; path = GalleryStateProvider.swift; sourceTree = "<group>"; };
		DE91D9B62BD018AC008B2203 /* GalleryDetailHeaderView.xib */ = {isa = PBXFileReference; lastKnownFileType = file.xib; path = GalleryDetailHeaderView.xib; sourceTree = "<group>"; };
		DE91D9B82BD018B7008B2203 /* GalleryDetailHeaderView.swift */ = {isa = PBXFileReference; lastKnownFileType = sourcecode.swift; path = GalleryDetailHeaderView.swift; sourceTree = "<group>"; };
		DE91D9BA2BD4F5AE008B2203 /* GalleryViewObject.swift */ = {isa = PBXFileReference; lastKnownFileType = sourcecode.swift; path = GalleryViewObject.swift; sourceTree = "<group>"; };
		DE91D9BC2BD4F6CB008B2203 /* PopularViewObject.swift */ = {isa = PBXFileReference; lastKnownFileType = sourcecode.swift; path = PopularViewObject.swift; sourceTree = "<group>"; };
		DE91D9BE2BD4F6ED008B2203 /* PickupViewObject.swift */ = {isa = PBXFileReference; lastKnownFileType = sourcecode.swift; path = PickupViewObject.swift; sourceTree = "<group>"; };
		DE91D9C12BDD44AE008B2203 /* StoryboardInstantiatable.swift */ = {isa = PBXFileReference; lastKnownFileType = sourcecode.swift; path = StoryboardInstantiatable.swift; sourceTree = "<group>"; };
		DE91D9C32BDD487D008B2203 /* FeedScreenView.swift */ = {isa = PBXFileReference; lastKnownFileType = sourcecode.swift; path = FeedScreenView.swift; sourceTree = "<group>"; };
		DEB4145B2BE8826400DEF655 /* ConnectionErrorView.swift */ = {isa = PBXFileReference; lastKnownFileType = sourcecode.swift; path = ConnectionErrorView.swift; sourceTree = "<group>"; };
		DEB4145D2BE9923500DEF655 /* FeedViewStateProvider.swift */ = {isa = PBXFileReference; lastKnownFileType = sourcecode.swift; path = FeedViewStateProvider.swift; sourceTree = "<group>"; };
/* End PBXFileReference section */

/* Begin PBXFrameworksBuildPhase section */
		DE1A75A82B7B65B900912224 /* Frameworks */ = {
			isa = PBXFrameworksBuildPhase;
			buildActionMask = 2147483647;
			files = (
				DE1A75D42B84D5C200912224 /* Cosmos in Frameworks */,
				DE1A75CC2B7FAC4700912224 /* NukeUI in Frameworks */,
				DE1A75C82B7FAC4700912224 /* Nuke in Frameworks */,
				DE1A75CA2B7FAC4700912224 /* NukeExtensions in Frameworks */,
				DE1A75CE2B7FAC4700912224 /* NukeVideo in Frameworks */,
			);
			runOnlyForDeploymentPostprocessing = 0;
		};
		DE61C9392C203C3F0058FEEF /* Frameworks */ = {
			isa = PBXFrameworksBuildPhase;
			buildActionMask = 2147483647;
			files = (
				DE61C9482C2140150058FEEF /* Testing in Frameworks */,
				DE24442E2C36E44F00379EB8 /* CombineExpectations in Frameworks */,
			);
			runOnlyForDeploymentPostprocessing = 0;
		};
/* End PBXFrameworksBuildPhase section */

/* Begin PBXGroup section */
		DE1A75A22B7B65B900912224 = {
			isa = PBXGroup;
			children = (
				DE1A75AD2B7B65B900912224 /* MatchedGeometryEffectShowcase */,
				DE61C93D2C203C3F0058FEEF /* MatchedGeometryEffectShowcaseTests */,
				DE1A75AC2B7B65B900912224 /* Products */,
				DE61C9462C2140150058FEEF /* Frameworks */,
			);
			sourceTree = "<group>";
		};
		DE1A75AC2B7B65B900912224 /* Products */ = {
			isa = PBXGroup;
			children = (
				DE1A75AB2B7B65B900912224 /* MatchedGeometryEffectShowcase.app */,
				DE61C93C2C203C3F0058FEEF /* MatchedGeometryEffectShowcaseTests.xctest */,
			);
			name = Products;
			sourceTree = "<group>";
		};
		DE1A75AD2B7B65B900912224 /* MatchedGeometryEffectShowcase */ = {
			isa = PBXGroup;
			children = (
				DE1A75AE2B7B65B900912224 /* MatchedGeometryEffectShowcaseApp.swift */,
				DE1A75F92B90C66A00912224 /* AppDelegate.swift */,
				DE1A75B22B7B65BA00912224 /* Assets.xcassets */,
				DE1A75BC2B7E27D900912224 /* Application */,
				DE1A75B42B7B65BA00912224 /* Preview Content */,
			);
			path = MatchedGeometryEffectShowcase;
			sourceTree = "<group>";
		};
		DE1A75B42B7B65BA00912224 /* Preview Content */ = {
			isa = PBXGroup;
			children = (
				DE1A75B52B7B65BA00912224 /* Preview Assets.xcassets */,
			);
			path = "Preview Content";
			sourceTree = "<group>";
		};
		DE1A75BC2B7E27D900912224 /* Application */ = {
			isa = PBXGroup;
			children = (
				DE1A75B02B7B65B900912224 /* ContentView.swift */,
				DE1A75E92B8A012400912224 /* Common */,
				DE1A75C42B7E290B00912224 /* Components */,
				DE1A75C22B7E289900912224 /* Entity */,
				DE1A75BF2B7E283D00912224 /* Extension */,
				DE1A75C02B7E284600912224 /* Infrastructure */,
				DE1A75C12B7E286700912224 /* Repository */,
				DE1A75C52B7E293D00912224 /* Screen */,
				DE1A75C32B7E28B700912224 /* ViewObject */,
				DE1A75BE2B7E281B00912224 /* ViewStateProvider */,
			);
			path = Application;
			sourceTree = "<group>";
		};
		DE1A75BE2B7E281B00912224 /* ViewStateProvider */ = {
			isa = PBXGroup;
			children = (
				DE91D99F2BCA85AD008B2203 /* PopularViewStateProvider.swift */,
				DE91D9A12BCA85C5008B2203 /* PickupViewStateProvider.swift */,
				DE91D9B32BCEC41F008B2203 /* GalleryStateProvider.swift */,
				DEB4145D2BE9923500DEF655 /* FeedViewStateProvider.swift */,
			);
			path = ViewStateProvider;
			sourceTree = "<group>";
			wrapsLines = 0;
		};
		DE1A75BF2B7E283D00912224 /* Extension */ = {
			isa = PBXGroup;
			children = (
				DE1A75DD2B86450400912224 /* FirstAppearExtension.swift */,
				DE1A75DF2B86451900912224 /* StringExtension.swift */,
				DE1A75E12B86452A00912224 /* SwiftUIColorExtension.swift */,
				DE1A75E32B86453E00912224 /* UIColorExtension.swift */,
				DE91D99B2BC11885008B2203 /* UIViewControllerExtension.swift */,
				DE91D9C12BDD44AE008B2203 /* StoryboardInstantiatable.swift */,
			);
			path = Extension;
			sourceTree = "<group>";
		};
		DE1A75C02B7E284600912224 /* Infrastructure */ = {
			isa = PBXGroup;
			children = (
				DE1A75E52B878D0B00912224 /* APIClientManager.swift */,
			);
			path = Infrastructure;
			sourceTree = "<group>";
		};
		DE1A75C12B7E286700912224 /* Repository */ = {
			isa = PBXGroup;
			children = (
			);
			path = Repository;
			sourceTree = "<group>";
		};
		DE1A75C22B7E289900912224 /* Entity */ = {
			isa = PBXGroup;
			children = (
				DE61C95A2C28560D0058FEEF /* ProductEntity.swift */,
				DE61C9582C28546A0058FEEF /* UserPhotoEntity.swift */,
			);
			path = Entity;
			sourceTree = "<group>";
		};
		DE1A75C32B7E28B700912224 /* ViewObject */ = {
			isa = PBXGroup;
			children = (
				DE91D9BA2BD4F5AE008B2203 /* GalleryViewObject.swift */,
				DE91D9BC2BD4F6CB008B2203 /* PopularViewObject.swift */,
				DE91D9BE2BD4F6ED008B2203 /* PickupViewObject.swift */,
			);
			path = ViewObject;
			sourceTree = "<group>";
		};
		DE1A75C42B7E290B00912224 /* Components */ = {
			isa = PBXGroup;
			children = (
				DE3E7C472BA7A40200F72294 /* StarRating */,
				DE1A75D82B86448000912224 /* UIViewRepresentable */,
			);
			path = Components;
			sourceTree = "<group>";
		};
		DE1A75C52B7E293D00912224 /* Screen */ = {
			isa = PBXGroup;
			children = (
				DE91D9C02BDD43C2008B2203 /* FeedScreenView */,
				DE91D9AB2BCC1A2F008B2203 /* GalleryScreenView */,
				DE91D9952BC113FA008B2203 /* PopularScreenView */,
				DE91D9942BC113E7008B2203 /* PickupScreenView */,
			);
			path = Screen;
			sourceTree = "<group>";
		};
		DE1A75D82B86448000912224 /* UIViewRepresentable */ = {
			isa = PBXGroup;
			children = (
				DE1A75D92B8644A500912224 /* RatingViewRepresentable.swift */,
			);
			path = UIViewRepresentable;
			sourceTree = "<group>";
		};
		DE1A75E92B8A012400912224 /* Common */ = {
			isa = PBXGroup;
			children = (
				DE1A75EA2B8A013800912224 /* APIError.swift */,
				DE1A75EC2B8A019200912224 /* APIRequestState.swift */,
				DE1A75EE2B8A032900912224 /* HTTPMethod.swift */,
				DE91D9A92BCC0ACB008B2203 /* CustomViewBase.swift */,
				DEB4145B2BE8826400DEF655 /* ConnectionErrorView.swift */,
			);
			path = Common;
			sourceTree = "<group>";
		};
		DE3E7C472BA7A40200F72294 /* StarRating */ = {
			isa = PBXGroup;
			children = (
				DE1A75DB2B8644C300912224 /* StarRatingView.swift */,
			);
			path = StarRating;
			sourceTree = "<group>";
		};
		DE61C93D2C203C3F0058FEEF /* MatchedGeometryEffectShowcaseTests */ = {
			isa = PBXGroup;
			children = (
				DE61C93E2C203C3F0058FEEF /* MatchedGeometryEffectShowcaseTests.swift */,
			);
			path = MatchedGeometryEffectShowcaseTests;
			sourceTree = "<group>";
		};
		DE61C9462C2140150058FEEF /* Frameworks */ = {
			isa = PBXGroup;
			children = (
			);
			name = Frameworks;
			sourceTree = "<group>";
		};
		DE91D9942BC113E7008B2203 /* PickupScreenView */ = {
			isa = PBXGroup;
			children = (
				DE1A75F52B8EFFD600912224 /* PickupScreenView.swift */,
			);
			path = PickupScreenView;
			sourceTree = "<group>";
		};
		DE91D9952BC113FA008B2203 /* PopularScreenView */ = {
			isa = PBXGroup;
			children = (
				DE91D9A32BCA885F008B2203 /* PopularScreenViewComponent */,
				DE91D9962BC1141D008B2203 /* PopularScreenViewController */,
				DE1A75F72B8EFFEA00912224 /* PopularScreenView.swift */,
			);
			path = PopularScreenView;
			sourceTree = "<group>";
		};
		DE91D9962BC1141D008B2203 /* PopularScreenViewController */ = {
			isa = PBXGroup;
			children = (
				DE91D9972BC1143D008B2203 /* PopularScreenViewController.storyboard */,
				DE91D9992BC11575008B2203 /* PopularScreenViewController.swift */,
				DE91D99D2BC12027008B2203 /* SampleViewController.swift */,
			);
			path = PopularScreenViewController;
			sourceTree = "<group>";
		};
		DE91D9A32BCA885F008B2203 /* PopularScreenViewComponent */ = {
			isa = PBXGroup;
			children = (
				DE91D9A42BCA8BD5008B2203 /* PopularDetailHeaderView */,
			);
			path = PopularScreenViewComponent;
			sourceTree = "<group>";
		};
		DE91D9A42BCA8BD5008B2203 /* PopularDetailHeaderView */ = {
			isa = PBXGroup;
			children = (
				DE91D9A52BCA8C22008B2203 /* PopularDetailHeaderView.xib */,
				DE91D9A72BCA8C34008B2203 /* PopularDetailHeaderView.swift */,
			);
			path = PopularDetailHeaderView;
			sourceTree = "<group>";
		};
		DE91D9AB2BCC1A2F008B2203 /* GalleryScreenView */ = {
			isa = PBXGroup;
			children = (
				DE91D9AE2BCD5DB3008B2203 /* GalleryScreenViewController */,
				DE91D9AC2BCC1A68008B2203 /* GalleryScreenView.swift */,
			);
			path = GalleryScreenView;
			sourceTree = "<group>";
		};
		DE91D9AE2BCD5DB3008B2203 /* GalleryScreenViewController */ = {
			isa = PBXGroup;
			children = (
				DE91D9B52BD0187C008B2203 /* GalleryDetailHeaderView */,
				DE91D9B12BCD5FF0008B2203 /* GalleryScreenViewController.storyboard */,
				DE91D9AF2BCD5FB4008B2203 /* GalleryScreenViewController.swift */,
			);
			path = GalleryScreenViewController;
			sourceTree = "<group>";
		};
		DE91D9B52BD0187C008B2203 /* GalleryDetailHeaderView */ = {
			isa = PBXGroup;
			children = (
				DE91D9B62BD018AC008B2203 /* GalleryDetailHeaderView.xib */,
				DE91D9B82BD018B7008B2203 /* GalleryDetailHeaderView.swift */,
			);
			path = GalleryDetailHeaderView;
			sourceTree = "<group>";
		};
		DE91D9C02BDD43C2008B2203 /* FeedScreenView */ = {
			isa = PBXGroup;
			children = (
				DE91D9C32BDD487D008B2203 /* FeedScreenView.swift */,
			);
			path = FeedScreenView;
			sourceTree = "<group>";
		};
/* End PBXGroup section */

/* Begin PBXNativeTarget section */
		DE1A75AA2B7B65B900912224 /* MatchedGeometryEffectShowcase */ = {
			isa = PBXNativeTarget;
			buildConfigurationList = DE1A75B92B7B65BA00912224 /* Build configuration list for PBXNativeTarget "MatchedGeometryEffectShowcase" */;
			buildPhases = (
				DE1A75A72B7B65B900912224 /* Sources */,
				DE1A75A82B7B65B900912224 /* Frameworks */,
				DE1A75A92B7B65B900912224 /* Resources */,
			);
			buildRules = (
			);
			dependencies = (
			);
			name = MatchedGeometryEffectShowcase;
			packageProductDependencies = (
				DE1A75C72B7FAC4700912224 /* Nuke */,
				DE1A75C92B7FAC4700912224 /* NukeExtensions */,
				DE1A75CB2B7FAC4700912224 /* NukeUI */,
				DE1A75CD2B7FAC4700912224 /* NukeVideo */,
				DE1A75D32B84D5C200912224 /* Cosmos */,
			);
			productName = MatchedGeometryEffectShowcase;
			productReference = DE1A75AB2B7B65B900912224 /* MatchedGeometryEffectShowcase.app */;
			productType = "com.apple.product-type.application";
		};
		DE61C93B2C203C3F0058FEEF /* MatchedGeometryEffectShowcaseTests */ = {
			isa = PBXNativeTarget;
			buildConfigurationList = DE61C9422C203C3F0058FEEF /* Build configuration list for PBXNativeTarget "MatchedGeometryEffectShowcaseTests" */;
			buildPhases = (
				DE61C9382C203C3F0058FEEF /* Sources */,
				DE61C9392C203C3F0058FEEF /* Frameworks */,
				DE61C93A2C203C3F0058FEEF /* Resources */,
			);
			buildRules = (
			);
			dependencies = (
				DE61C9412C203C3F0058FEEF /* PBXTargetDependency */,
			);
			name = MatchedGeometryEffectShowcaseTests;
			packageProductDependencies = (
				DE61C9472C2140150058FEEF /* Testing */,
				DE24442D2C36E44F00379EB8 /* CombineExpectations */,
			);
			productName = MatchedGeometryEffectShowcaseTests;
			productReference = DE61C93C2C203C3F0058FEEF /* MatchedGeometryEffectShowcaseTests.xctest */;
			productType = "com.apple.product-type.bundle.unit-test";
		};
/* End PBXNativeTarget section */

/* Begin PBXProject section */
		DE1A75A32B7B65B900912224 /* Project object */ = {
			isa = PBXProject;
			attributes = {
				BuildIndependentTargetsInParallel = 1;
				LastSwiftUpdateCheck = 1540;
				LastUpgradeCheck = 1520;
				TargetAttributes = {
					DE1A75AA2B7B65B900912224 = {
						CreatedOnToolsVersion = 15.2;
					};
					DE61C93B2C203C3F0058FEEF = {
						CreatedOnToolsVersion = 15.4;
						TestTargetID = DE1A75AA2B7B65B900912224;
					};
				};
			};
			buildConfigurationList = DE1A75A62B7B65B900912224 /* Build configuration list for PBXProject "MatchedGeometryEffectShowcase" */;
			compatibilityVersion = "Xcode 14.0";
			developmentRegion = en;
			hasScannedForEncodings = 0;
			knownRegions = (
				en,
				Base,
			);
			mainGroup = DE1A75A22B7B65B900912224;
			packageReferences = (
				DE1A75C62B7FAC4700912224 /* XCRemoteSwiftPackageReference "Nuke" */,
				DE1A75D22B84D5C200912224 /* XCRemoteSwiftPackageReference "Cosmos" */,
				DE61C9452C213FF00058FEEF /* XCRemoteSwiftPackageReference "swift-testing" */,
				DE24442C2C36E42200379EB8 /* XCRemoteSwiftPackageReference "CombineExpectations" */,
			);
			productRefGroup = DE1A75AC2B7B65B900912224 /* Products */;
			projectDirPath = "";
			projectRoot = "";
			targets = (
				DE1A75AA2B7B65B900912224 /* MatchedGeometryEffectShowcase */,
				DE61C93B2C203C3F0058FEEF /* MatchedGeometryEffectShowcaseTests */,
			);
		};
/* End PBXProject section */

/* Begin PBXResourcesBuildPhase section */
		DE1A75A92B7B65B900912224 /* Resources */ = {
			isa = PBXResourcesBuildPhase;
			buildActionMask = 2147483647;
			files = (
				DE91D9B22BCD5FF0008B2203 /* GalleryScreenViewController.storyboard in Resources */,
				DE91D9982BC1143D008B2203 /* PopularScreenViewController.storyboard in Resources */,
				DE1A75B62B7B65BA00912224 /* Preview Assets.xcassets in Resources */,
				DE91D9A62BCA8C22008B2203 /* PopularDetailHeaderView.xib in Resources */,
				DE1A75B32B7B65BA00912224 /* Assets.xcassets in Resources */,
				DE91D9B72BD018AC008B2203 /* GalleryDetailHeaderView.xib in Resources */,
			);
			runOnlyForDeploymentPostprocessing = 0;
		};
		DE61C93A2C203C3F0058FEEF /* Resources */ = {
			isa = PBXResourcesBuildPhase;
			buildActionMask = 2147483647;
			files = (
			);
			runOnlyForDeploymentPostprocessing = 0;
		};
/* End PBXResourcesBuildPhase section */

/* Begin PBXSourcesBuildPhase section */
		DE1A75A72B7B65B900912224 /* Sources */ = {
			isa = PBXSourcesBuildPhase;
			buildActionMask = 2147483647;
			files = (
				DE91D9AA2BCC0ACB008B2203 /* CustomViewBase.swift in Sources */,
				DE1A75DA2B8644A500912224 /* RatingViewRepresentable.swift in Sources */,
				DE1A75F82B8EFFEA00912224 /* PopularScreenView.swift in Sources */,
				DE91D9B92BD018B7008B2203 /* GalleryDetailHeaderView.swift in Sources */,
				DE91D99C2BC11885008B2203 /* UIViewControllerExtension.swift in Sources */,
				DE1A75DC2B8644C300912224 /* StarRatingView.swift in Sources */,
				DE1A75E02B86451900912224 /* StringExtension.swift in Sources */,
				DE1A75ED2B8A019200912224 /* APIRequestState.swift in Sources */,
				DE1A75EB2B8A013800912224 /* APIError.swift in Sources */,
				DE61C9592C28546B0058FEEF /* UserPhotoEntity.swift in Sources */,
				DEB4145E2BE9923500DEF655 /* FeedViewStateProvider.swift in Sources */,
				DEB4145C2BE8826400DEF655 /* ConnectionErrorView.swift in Sources */,
				DE91D9C22BDD44AE008B2203 /* StoryboardInstantiatable.swift in Sources */,
				DE1A75E42B86453E00912224 /* UIColorExtension.swift in Sources */,
				DE1A75E22B86452A00912224 /* SwiftUIColorExtension.swift in Sources */,
				DE1A75FA2B90C66A00912224 /* AppDelegate.swift in Sources */,
				DE1A75B12B7B65B900912224 /* ContentView.swift in Sources */,
				DE91D9B02BCD5FB4008B2203 /* GalleryScreenViewController.swift in Sources */,
				DE91D9B42BCEC41F008B2203 /* GalleryStateProvider.swift in Sources */,
				DE1A75EF2B8A032900912224 /* HTTPMethod.swift in Sources */,
				DE1A75DE2B86450400912224 /* FirstAppearExtension.swift in Sources */,
				DE91D9AD2BCC1A69008B2203 /* GalleryScreenView.swift in Sources */,
				DE1A75AF2B7B65B900912224 /* MatchedGeometryEffectShowcaseApp.swift in Sources */,
				DE91D9A02BCA85AD008B2203 /* PopularViewStateProvider.swift in Sources */,
				DE91D9A22BCA85C5008B2203 /* PickupViewStateProvider.swift in Sources */,
				DE91D9A82BCA8C34008B2203 /* PopularDetailHeaderView.swift in Sources */,
				DE1A75F62B8EFFD600912224 /* PickupScreenView.swift in Sources */,
				DE91D99E2BC12027008B2203 /* SampleViewController.swift in Sources */,
				DE91D9BF2BD4F6ED008B2203 /* PickupViewObject.swift in Sources */,
				DE91D9C42BDD487D008B2203 /* FeedScreenView.swift in Sources */,
				DE91D9BB2BD4F5AE008B2203 /* GalleryViewObject.swift in Sources */,
				DE1A75E62B878D0B00912224 /* APIClientManager.swift in Sources */,
				DE61C95B2C28560D0058FEEF /* ProductEntity.swift in Sources */,
				DE91D99A2BC11575008B2203 /* PopularScreenViewController.swift in Sources */,
				DE91D9BD2BD4F6CB008B2203 /* PopularViewObject.swift in Sources */,
			);
			runOnlyForDeploymentPostprocessing = 0;
		};
		DE61C9382C203C3F0058FEEF /* Sources */ = {
			isa = PBXSourcesBuildPhase;
			buildActionMask = 2147483647;
			files = (
				DE61C93F2C203C3F0058FEEF /* MatchedGeometryEffectShowcaseTests.swift in Sources */,
			);
			runOnlyForDeploymentPostprocessing = 0;
		};
/* End PBXSourcesBuildPhase section */

/* Begin PBXTargetDependency section */
		DE61C9412C203C3F0058FEEF /* PBXTargetDependency */ = {
			isa = PBXTargetDependency;
			target = DE1A75AA2B7B65B900912224 /* MatchedGeometryEffectShowcase */;
			targetProxy = DE61C9402C203C3F0058FEEF /* PBXContainerItemProxy */;
		};
/* End PBXTargetDependency section */

/* Begin XCBuildConfiguration section */
		DE1A75B72B7B65BA00912224 /* Debug */ = {
			isa = XCBuildConfiguration;
			buildSettings = {
				ALWAYS_SEARCH_USER_PATHS = NO;
				ASSETCATALOG_COMPILER_GENERATE_SWIFT_ASSET_SYMBOL_EXTENSIONS = YES;
				CLANG_ANALYZER_NONNULL = YES;
				CLANG_ANALYZER_NUMBER_OBJECT_CONVERSION = YES_AGGRESSIVE;
				CLANG_CXX_LANGUAGE_STANDARD = "gnu++20";
				CLANG_ENABLE_MODULES = YES;
				CLANG_ENABLE_OBJC_ARC = YES;
				CLANG_ENABLE_OBJC_WEAK = YES;
				CLANG_WARN_BLOCK_CAPTURE_AUTORELEASING = YES;
				CLANG_WARN_BOOL_CONVERSION = YES;
				CLANG_WARN_COMMA = YES;
				CLANG_WARN_CONSTANT_CONVERSION = YES;
				CLANG_WARN_DEPRECATED_OBJC_IMPLEMENTATIONS = YES;
				CLANG_WARN_DIRECT_OBJC_ISA_USAGE = YES_ERROR;
				CLANG_WARN_DOCUMENTATION_COMMENTS = YES;
				CLANG_WARN_EMPTY_BODY = YES;
				CLANG_WARN_ENUM_CONVERSION = YES;
				CLANG_WARN_INFINITE_RECURSION = YES;
				CLANG_WARN_INT_CONVERSION = YES;
				CLANG_WARN_NON_LITERAL_NULL_CONVERSION = YES;
				CLANG_WARN_OBJC_IMPLICIT_RETAIN_SELF = YES;
				CLANG_WARN_OBJC_LITERAL_CONVERSION = YES;
				CLANG_WARN_OBJC_ROOT_CLASS = YES_ERROR;
				CLANG_WARN_QUOTED_INCLUDE_IN_FRAMEWORK_HEADER = YES;
				CLANG_WARN_RANGE_LOOP_ANALYSIS = YES;
				CLANG_WARN_STRICT_PROTOTYPES = YES;
				CLANG_WARN_SUSPICIOUS_MOVE = YES;
				CLANG_WARN_UNGUARDED_AVAILABILITY = YES_AGGRESSIVE;
				CLANG_WARN_UNREACHABLE_CODE = YES;
				CLANG_WARN__DUPLICATE_METHOD_MATCH = YES;
				COPY_PHASE_STRIP = NO;
				DEBUG_INFORMATION_FORMAT = dwarf;
				ENABLE_STRICT_OBJC_MSGSEND = YES;
				ENABLE_TESTABILITY = YES;
				ENABLE_USER_SCRIPT_SANDBOXING = YES;
				GCC_C_LANGUAGE_STANDARD = gnu17;
				GCC_DYNAMIC_NO_PIC = NO;
				GCC_NO_COMMON_BLOCKS = YES;
				GCC_OPTIMIZATION_LEVEL = 0;
				GCC_PREPROCESSOR_DEFINITIONS = (
					"DEBUG=1",
					"$(inherited)",
				);
				GCC_WARN_64_TO_32_BIT_CONVERSION = YES;
				GCC_WARN_ABOUT_RETURN_TYPE = YES_ERROR;
				GCC_WARN_UNDECLARED_SELECTOR = YES;
				GCC_WARN_UNINITIALIZED_AUTOS = YES_AGGRESSIVE;
				GCC_WARN_UNUSED_FUNCTION = YES;
				GCC_WARN_UNUSED_VARIABLE = YES;
				IPHONEOS_DEPLOYMENT_TARGET = 17.2;
				LOCALIZATION_PREFERS_STRING_CATALOGS = YES;
				MTL_ENABLE_DEBUG_INFO = INCLUDE_SOURCE;
				MTL_FAST_MATH = YES;
				ONLY_ACTIVE_ARCH = YES;
				SDKROOT = iphoneos;
				SWIFT_ACTIVE_COMPILATION_CONDITIONS = "DEBUG $(inherited)";
				SWIFT_OPTIMIZATION_LEVEL = "-Onone";
			};
			name = Debug;
		};
		DE1A75B82B7B65BA00912224 /* Release */ = {
			isa = XCBuildConfiguration;
			buildSettings = {
				ALWAYS_SEARCH_USER_PATHS = NO;
				ASSETCATALOG_COMPILER_GENERATE_SWIFT_ASSET_SYMBOL_EXTENSIONS = YES;
				CLANG_ANALYZER_NONNULL = YES;
				CLANG_ANALYZER_NUMBER_OBJECT_CONVERSION = YES_AGGRESSIVE;
				CLANG_CXX_LANGUAGE_STANDARD = "gnu++20";
				CLANG_ENABLE_MODULES = YES;
				CLANG_ENABLE_OBJC_ARC = YES;
				CLANG_ENABLE_OBJC_WEAK = YES;
				CLANG_WARN_BLOCK_CAPTURE_AUTORELEASING = YES;
				CLANG_WARN_BOOL_CONVERSION = YES;
				CLANG_WARN_COMMA = YES;
				CLANG_WARN_CONSTANT_CONVERSION = YES;
				CLANG_WARN_DEPRECATED_OBJC_IMPLEMENTATIONS = YES;
				CLANG_WARN_DIRECT_OBJC_ISA_USAGE = YES_ERROR;
				CLANG_WARN_DOCUMENTATION_COMMENTS = YES;
				CLANG_WARN_EMPTY_BODY = YES;
				CLANG_WARN_ENUM_CONVERSION = YES;
				CLANG_WARN_INFINITE_RECURSION = YES;
				CLANG_WARN_INT_CONVERSION = YES;
				CLANG_WARN_NON_LITERAL_NULL_CONVERSION = YES;
				CLANG_WARN_OBJC_IMPLICIT_RETAIN_SELF = YES;
				CLANG_WARN_OBJC_LITERAL_CONVERSION = YES;
				CLANG_WARN_OBJC_ROOT_CLASS = YES_ERROR;
				CLANG_WARN_QUOTED_INCLUDE_IN_FRAMEWORK_HEADER = YES;
				CLANG_WARN_RANGE_LOOP_ANALYSIS = YES;
				CLANG_WARN_STRICT_PROTOTYPES = YES;
				CLANG_WARN_SUSPICIOUS_MOVE = YES;
				CLANG_WARN_UNGUARDED_AVAILABILITY = YES_AGGRESSIVE;
				CLANG_WARN_UNREACHABLE_CODE = YES;
				CLANG_WARN__DUPLICATE_METHOD_MATCH = YES;
				COPY_PHASE_STRIP = NO;
				DEBUG_INFORMATION_FORMAT = "dwarf-with-dsym";
				ENABLE_NS_ASSERTIONS = NO;
				ENABLE_STRICT_OBJC_MSGSEND = YES;
				ENABLE_USER_SCRIPT_SANDBOXING = YES;
				GCC_C_LANGUAGE_STANDARD = gnu17;
				GCC_NO_COMMON_BLOCKS = YES;
				GCC_WARN_64_TO_32_BIT_CONVERSION = YES;
				GCC_WARN_ABOUT_RETURN_TYPE = YES_ERROR;
				GCC_WARN_UNDECLARED_SELECTOR = YES;
				GCC_WARN_UNINITIALIZED_AUTOS = YES_AGGRESSIVE;
				GCC_WARN_UNUSED_FUNCTION = YES;
				GCC_WARN_UNUSED_VARIABLE = YES;
				IPHONEOS_DEPLOYMENT_TARGET = 17.2;
				LOCALIZATION_PREFERS_STRING_CATALOGS = YES;
				MTL_ENABLE_DEBUG_INFO = NO;
				MTL_FAST_MATH = YES;
				SDKROOT = iphoneos;
				SWIFT_COMPILATION_MODE = wholemodule;
				VALIDATE_PRODUCT = YES;
			};
			name = Release;
		};
		DE1A75BA2B7B65BA00912224 /* Debug */ = {
			isa = XCBuildConfiguration;
			buildSettings = {
				ASSETCATALOG_COMPILER_APPICON_NAME = AppIcon;
				ASSETCATALOG_COMPILER_GLOBAL_ACCENT_COLOR_NAME = AccentColor;
				CODE_SIGN_STYLE = Automatic;
				CURRENT_PROJECT_VERSION = 1;
				DEVELOPMENT_ASSET_PATHS = "\"MatchedGeometryEffectShowcase/Preview Content\"";
				DEVELOPMENT_TEAM = S5BF5553KY;
				ENABLE_PREVIEWS = YES;
				GENERATE_INFOPLIST_FILE = YES;
				INFOPLIST_KEY_UIApplicationSceneManifest_Generation = YES;
				INFOPLIST_KEY_UIApplicationSupportsIndirectInputEvents = YES;
				INFOPLIST_KEY_UILaunchScreen_Generation = YES;
				INFOPLIST_KEY_UISupportedInterfaceOrientations = UIInterfaceOrientationPortrait;
				IPHONEOS_DEPLOYMENT_TARGET = 17.5;
				LD_RUNPATH_SEARCH_PATHS = (
					"$(inherited)",
					"@executable_path/Frameworks",
				);
				MARKETING_VERSION = 1.0;
				PRODUCT_BUNDLE_IDENTIFIER = net.just1factory.MatchedGeometryEffectShowcase;
				PRODUCT_NAME = "$(TARGET_NAME)";
				SWIFT_EMIT_LOC_STRINGS = YES;
				SWIFT_VERSION = 5.0;
				TARGETED_DEVICE_FAMILY = "1,2";
			};
			name = Debug;
		};
		DE1A75BB2B7B65BA00912224 /* Release */ = {
			isa = XCBuildConfiguration;
			buildSettings = {
				ASSETCATALOG_COMPILER_APPICON_NAME = AppIcon;
				ASSETCATALOG_COMPILER_GLOBAL_ACCENT_COLOR_NAME = AccentColor;
				CODE_SIGN_STYLE = Automatic;
				CURRENT_PROJECT_VERSION = 1;
				DEVELOPMENT_ASSET_PATHS = "\"MatchedGeometryEffectShowcase/Preview Content\"";
				DEVELOPMENT_TEAM = S5BF5553KY;
				ENABLE_PREVIEWS = YES;
				GENERATE_INFOPLIST_FILE = YES;
				INFOPLIST_KEY_UIApplicationSceneManifest_Generation = YES;
				INFOPLIST_KEY_UIApplicationSupportsIndirectInputEvents = YES;
				INFOPLIST_KEY_UILaunchScreen_Generation = YES;
				INFOPLIST_KEY_UISupportedInterfaceOrientations = UIInterfaceOrientationPortrait;
				IPHONEOS_DEPLOYMENT_TARGET = 17.5;
				LD_RUNPATH_SEARCH_PATHS = (
					"$(inherited)",
					"@executable_path/Frameworks",
				);
				MARKETING_VERSION = 1.0;
				PRODUCT_BUNDLE_IDENTIFIER = net.just1factory.MatchedGeometryEffectShowcase;
				PRODUCT_NAME = "$(TARGET_NAME)";
				SWIFT_EMIT_LOC_STRINGS = YES;
				SWIFT_VERSION = 5.0;
				TARGETED_DEVICE_FAMILY = "1,2";
			};
			name = Release;
		};
		DE61C9432C203C3F0058FEEF /* Debug */ = {
			isa = XCBuildConfiguration;
			buildSettings = {
				BUNDLE_LOADER = "$(TEST_HOST)";
				CODE_SIGN_STYLE = Automatic;
				CURRENT_PROJECT_VERSION = 1;
				DEVELOPMENT_TEAM = S5BF5553KY;
				GENERATE_INFOPLIST_FILE = YES;
				IPHONEOS_DEPLOYMENT_TARGET = 17.5;
				MARKETING_VERSION = 1.0;
				PRODUCT_BUNDLE_IDENTIFIER = net.just1factory.MatchedGeometryEffectShowcaseTests;
				PRODUCT_NAME = "$(TARGET_NAME)";
				SWIFT_EMIT_LOC_STRINGS = NO;
				SWIFT_VERSION = 5.0;
				TARGETED_DEVICE_FAMILY = "1,2";
				TEST_HOST = "$(BUILT_PRODUCTS_DIR)/MatchedGeometryEffectShowcase.app/$(BUNDLE_EXECUTABLE_FOLDER_PATH)/MatchedGeometryEffectShowcase";
			};
			name = Debug;
		};
		DE61C9442C203C3F0058FEEF /* Release */ = {
			isa = XCBuildConfiguration;
			buildSettings = {
				BUNDLE_LOADER = "$(TEST_HOST)";
				CODE_SIGN_STYLE = Automatic;
				CURRENT_PROJECT_VERSION = 1;
				DEVELOPMENT_TEAM = S5BF5553KY;
				GENERATE_INFOPLIST_FILE = YES;
				IPHONEOS_DEPLOYMENT_TARGET = 17.5;
				MARKETING_VERSION = 1.0;
				PRODUCT_BUNDLE_IDENTIFIER = net.just1factory.MatchedGeometryEffectShowcaseTests;
				PRODUCT_NAME = "$(TARGET_NAME)";
				SWIFT_EMIT_LOC_STRINGS = NO;
				SWIFT_VERSION = 5.0;
				TARGETED_DEVICE_FAMILY = "1,2";
				TEST_HOST = "$(BUILT_PRODUCTS_DIR)/MatchedGeometryEffectShowcase.app/$(BUNDLE_EXECUTABLE_FOLDER_PATH)/MatchedGeometryEffectShowcase";
			};
			name = Release;
		};
/* End XCBuildConfiguration section */

/* Begin XCConfigurationList section */
		DE1A75A62B7B65B900912224 /* Build configuration list for PBXProject "MatchedGeometryEffectShowcase" */ = {
			isa = XCConfigurationList;
			buildConfigurations = (
				DE1A75B72B7B65BA00912224 /* Debug */,
				DE1A75B82B7B65BA00912224 /* Release */,
			);
			defaultConfigurationIsVisible = 0;
			defaultConfigurationName = Release;
		};
		DE1A75B92B7B65BA00912224 /* Build configuration list for PBXNativeTarget "MatchedGeometryEffectShowcase" */ = {
			isa = XCConfigurationList;
			buildConfigurations = (
				DE1A75BA2B7B65BA00912224 /* Debug */,
				DE1A75BB2B7B65BA00912224 /* Release */,
			);
			defaultConfigurationIsVisible = 0;
			defaultConfigurationName = Release;
		};
		DE61C9422C203C3F0058FEEF /* Build configuration list for PBXNativeTarget "MatchedGeometryEffectShowcaseTests" */ = {
			isa = XCConfigurationList;
			buildConfigurations = (
				DE61C9432C203C3F0058FEEF /* Debug */,
				DE61C9442C203C3F0058FEEF /* Release */,
			);
			defaultConfigurationIsVisible = 0;
			defaultConfigurationName = Release;
		};
/* End XCConfigurationList section */

/* Begin XCRemoteSwiftPackageReference section */
		DE1A75C62B7FAC4700912224 /* XCRemoteSwiftPackageReference "Nuke" */ = {
			isa = XCRemoteSwiftPackageReference;
			repositoryURL = "https://github.com/kean/Nuke.git";
			requirement = {
				kind = upToNextMajorVersion;
				minimumVersion = 12.7.0;
			};
		};
		DE1A75D22B84D5C200912224 /* XCRemoteSwiftPackageReference "Cosmos" */ = {
			isa = XCRemoteSwiftPackageReference;
			repositoryURL = "https://github.com/evgenyneu/Cosmos.git";
			requirement = {
				kind = upToNextMajorVersion;
				minimumVersion = 25.0.1;
			};
		};
		DE24442C2C36E42200379EB8 /* XCRemoteSwiftPackageReference "CombineExpectations" */ = {
			isa = XCRemoteSwiftPackageReference;
			repositoryURL = "https://github.com/groue/CombineExpectations";
			requirement = {
				branch = master;
				kind = branch;
			};
		};
		DE61C9452C213FF00058FEEF /* XCRemoteSwiftPackageReference "swift-testing" */ = {
			isa = XCRemoteSwiftPackageReference;
			repositoryURL = "https://github.com/apple/swift-testing.git";
			requirement = {
				kind = upToNextMajorVersion;
				minimumVersion = 0.10.0;
			};
		};
/* End XCRemoteSwiftPackageReference section */

/* Begin XCSwiftPackageProductDependency section */
		DE1A75C72B7FAC4700912224 /* Nuke */ = {
			isa = XCSwiftPackageProductDependency;
			package = DE1A75C62B7FAC4700912224 /* XCRemoteSwiftPackageReference "Nuke" */;
			productName = Nuke;
		};
		DE1A75C92B7FAC4700912224 /* NukeExtensions */ = {
			isa = XCSwiftPackageProductDependency;
			package = DE1A75C62B7FAC4700912224 /* XCRemoteSwiftPackageReference "Nuke" */;
			productName = NukeExtensions;
		};
		DE1A75CB2B7FAC4700912224 /* NukeUI */ = {
			isa = XCSwiftPackageProductDependency;
			package = DE1A75C62B7FAC4700912224 /* XCRemoteSwiftPackageReference "Nuke" */;
			productName = NukeUI;
		};
		DE1A75CD2B7FAC4700912224 /* NukeVideo */ = {
			isa = XCSwiftPackageProductDependency;
			package = DE1A75C62B7FAC4700912224 /* XCRemoteSwiftPackageReference "Nuke" */;
			productName = NukeVideo;
		};
		DE1A75D32B84D5C200912224 /* Cosmos */ = {
			isa = XCSwiftPackageProductDependency;
			package = DE1A75D22B84D5C200912224 /* XCRemoteSwiftPackageReference "Cosmos" */;
			productName = Cosmos;
		};
		DE24442D2C36E44F00379EB8 /* CombineExpectations */ = {
			isa = XCSwiftPackageProductDependency;
			package = DE24442C2C36E42200379EB8 /* XCRemoteSwiftPackageReference "CombineExpectations" */;
			productName = CombineExpectations;
		};
		DE61C9472C2140150058FEEF /* Testing */ = {
			isa = XCSwiftPackageProductDependency;
			package = DE61C9452C213FF00058FEEF /* XCRemoteSwiftPackageReference "swift-testing" */;
			productName = Testing;
		};
/* End XCSwiftPackageProductDependency section */
	};
	rootObject = DE1A75A32B7B65B900912224 /* Project object */;
}
